// !$*UTF8*$!
{
	archiveVersion = 1;
	classes = {
	};
	objectVersion = 50;
	objects = {

/* Begin PBXBuildFile section */
		380CAECF22A7943700321AF4 /* main.m in Sources */ = {isa = PBXBuildFile; fileRef = 380CAECE22A7943700321AF4 /* main.m */; };
		3814586422CAEDD700AD0D3F /* Person.m in Sources */ = {isa = PBXBuildFile; fileRef = 3814586322CAEDD700AD0D3F /* Person.m */; };
		3814586722CAEE6F00AD0D3F /* Person+Tool.m in Sources */ = {isa = PBXBuildFile; fileRef = 3814586622CAEE6F00AD0D3F /* Person+Tool.m */; };
		3828D42F22DF3929004687F4 /* UI.swift in Sources */ = {isa = PBXBuildFile; fileRef = 3828D42E22DF3929004687F4 /* UI.swift */; };
		3828D43B22DF3939004687F4 /* Test.swift in Sources */ = {isa = PBXBuildFile; fileRef = 3828D43A22DF3939004687F4 /* Test.swift */; };
/* End PBXBuildFile section */

/* Begin PBXCopyFilesBuildPhase section */
		380CAEC922A7943700321AF4 /* CopyFiles */ = {
			isa = PBXCopyFilesBuildPhase;
			buildActionMask = 2147483647;
			dstPath = /usr/share/man/man1/;
			dstSubfolderSpec = 0;
			files = (
			);
			runOnlyForDeploymentPostprocessing = 1;
		};
/* End PBXCopyFilesBuildPhase section */

/* Begin PBXFileReference section */
		380CAECB22A7943700321AF4 /* Grammer */ = {isa = PBXFileReference; explicitFileType = "compiled.mach-o.executable"; includeInIndex = 0; path = Grammer; sourceTree = BUILT_PRODUCTS_DIR; };
		380CAECE22A7943700321AF4 /* main.m */ = {isa = PBXFileReference; lastKnownFileType = sourcecode.c.objc; path = main.m; sourceTree = "<group>"; };
		3814586222CAEDD700AD0D3F /* Person.h */ = {isa = PBXFileReference; lastKnownFileType = sourcecode.c.h; path = Person.h; sourceTree = "<group>"; };
		3814586322CAEDD700AD0D3F /* Person.m */ = {isa = PBXFileReference; lastKnownFileType = sourcecode.c.objc; path = Person.m; sourceTree = "<group>"; };
		3814586522CAEE6F00AD0D3F /* Person+Tool.h */ = {isa = PBXFileReference; lastKnownFileType = sourcecode.c.h; path = "Person+Tool.h"; sourceTree = "<group>"; };
		3814586622CAEE6F00AD0D3F /* Person+Tool.m */ = {isa = PBXFileReference; lastKnownFileType = sourcecode.c.objc; path = "Person+Tool.m"; sourceTree = "<group>"; };
		3828D42C22DF3929004687F4 /* UI.xctest */ = {isa = PBXFileReference; explicitFileType = wrapper.cfbundle; includeInIndex = 0; path = UI.xctest; sourceTree = BUILT_PRODUCTS_DIR; };
		3828D42E22DF3929004687F4 /* UI.swift */ = {isa = PBXFileReference; lastKnownFileType = sourcecode.swift; path = UI.swift; sourceTree = "<group>"; };
		3828D43022DF3929004687F4 /* Info.plist */ = {isa = PBXFileReference; lastKnownFileType = text.plist.xml; path = Info.plist; sourceTree = "<group>"; };
		3828D43822DF3939004687F4 /* Test.xctest */ = {isa = PBXFileReference; explicitFileType = wrapper.cfbundle; includeInIndex = 0; path = Test.xctest; sourceTree = BUILT_PRODUCTS_DIR; };
		3828D43A22DF3939004687F4 /* Test.swift */ = {isa = PBXFileReference; lastKnownFileType = sourcecode.swift; path = Test.swift; sourceTree = "<group>"; };
		3828D43C22DF3939004687F4 /* Info.plist */ = {isa = PBXFileReference; lastKnownFileType = text.plist.xml; path = Info.plist; sourceTree = "<group>"; };
/* End PBXFileReference section */

/* Begin PBXFrameworksBuildPhase section */
		380CAEC822A7943700321AF4 /* Frameworks */ = {
			isa = PBXFrameworksBuildPhase;
			buildActionMask = 2147483647;
			files = (
			);
			runOnlyForDeploymentPostprocessing = 0;
		};
		3828D42922DF3929004687F4 /* Frameworks */ = {
			isa = PBXFrameworksBuildPhase;
			buildActionMask = 2147483647;
			files = (
			);
			runOnlyForDeploymentPostprocessing = 0;
		};
		3828D43522DF3939004687F4 /* Frameworks */ = {
			isa = PBXFrameworksBuildPhase;
			buildActionMask = 2147483647;
			files = (
			);
			runOnlyForDeploymentPostprocessing = 0;
		};
/* End PBXFrameworksBuildPhase section */

/* Begin PBXGroup section */
		380CAEC222A7943700321AF4 = {
			isa = PBXGroup;
			children = (
				380CAECD22A7943700321AF4 /* Grammer */,
				3828D42D22DF3929004687F4 /* UI */,
				3828D43922DF3939004687F4 /* Test */,
				380CAECC22A7943700321AF4 /* Products */,
			);
			sourceTree = "<group>";
		};
		380CAECC22A7943700321AF4 /* Products */ = {
			isa = PBXGroup;
			children = (
				380CAECB22A7943700321AF4 /* Grammer */,
				3828D42C22DF3929004687F4 /* UI.xctest */,
				3828D43822DF3939004687F4 /* Test.xctest */,
			);
			name = Products;
			sourceTree = "<group>";
		};
		380CAECD22A7943700321AF4 /* Grammer */ = {
			isa = PBXGroup;
			children = (
				380CAECE22A7943700321AF4 /* main.m */,
				3814586222CAEDD700AD0D3F /* Person.h */,
				3814586522CAEE6F00AD0D3F /* Person+Tool.h */,
				3814586622CAEE6F00AD0D3F /* Person+Tool.m */,
				3814586322CAEDD700AD0D3F /* Person.m */,
			);
			path = Grammer;
			sourceTree = "<group>";
		};
		3828D42D22DF3929004687F4 /* UI */ = {
			isa = PBXGroup;
			children = (
				3828D42E22DF3929004687F4 /* UI.swift */,
				3828D43022DF3929004687F4 /* Info.plist */,
			);
			path = UI;
			sourceTree = "<group>";
		};
		3828D43922DF3939004687F4 /* Test */ = {
			isa = PBXGroup;
			children = (
				3828D43A22DF3939004687F4 /* Test.swift */,
				3828D43C22DF3939004687F4 /* Info.plist */,
			);
			path = Test;
			sourceTree = "<group>";
		};
/* End PBXGroup section */

/* Begin PBXNativeTarget section */
		380CAECA22A7943700321AF4 /* Grammer */ = {
			isa = PBXNativeTarget;
			buildConfigurationList = 380CAED222A7943700321AF4 /* Build configuration list for PBXNativeTarget "Grammer" */;
			buildPhases = (
				380CAEC722A7943700321AF4 /* Sources */,
				380CAEC822A7943700321AF4 /* Frameworks */,
				380CAEC922A7943700321AF4 /* CopyFiles */,
			);
			buildRules = (
			);
			dependencies = (
			);
			name = Grammer;
			productName = Grammer;
			productReference = 380CAECB22A7943700321AF4 /* Grammer */;
			productType = "com.apple.product-type.tool";
		};
		3828D42B22DF3929004687F4 /* UI */ = {
			isa = PBXNativeTarget;
			buildConfigurationList = 3828D43322DF3929004687F4 /* Build configuration list for PBXNativeTarget "UI" */;
			buildPhases = (
				3828D42822DF3929004687F4 /* Sources */,
				3828D42922DF3929004687F4 /* Frameworks */,
				3828D42A22DF3929004687F4 /* Resources */,
			);
			buildRules = (
			);
			dependencies = (
			);
			name = UI;
			productName = UI;
			productReference = 3828D42C22DF3929004687F4 /* UI.xctest */;
			productType = "com.apple.product-type.bundle.ui-testing";
		};
		3828D43722DF3939004687F4 /* Test */ = {
			isa = PBXNativeTarget;
			buildConfigurationList = 3828D43D22DF3939004687F4 /* Build configuration list for PBXNativeTarget "Test" */;
			buildPhases = (
				3828D43422DF3939004687F4 /* Sources */,
				3828D43522DF3939004687F4 /* Frameworks */,
				3828D43622DF3939004687F4 /* Resources */,
			);
			buildRules = (
			);
			dependencies = (
			);
			name = Test;
			productName = Test;
			productReference = 3828D43822DF3939004687F4 /* Test.xctest */;
			productType = "com.apple.product-type.bundle.ui-testing";
		};
/* End PBXNativeTarget section */

/* Begin PBXProject section */
		380CAEC322A7943700321AF4 /* Project object */ = {
			isa = PBXProject;
			attributes = {
				LastSwiftUpdateCheck = 1020;
				LastUpgradeCheck = 1020;
				ORGANIZATIONNAME = mozihen;
				TargetAttributes = {
					380CAECA22A7943700321AF4 = {
						CreatedOnToolsVersion = 10.2;
					};
					3828D42B22DF3929004687F4 = {
						CreatedOnToolsVersion = 10.2.1;
					};
					3828D43722DF3939004687F4 = {
						CreatedOnToolsVersion = 10.2.1;
					};
				};
			};
			buildConfigurationList = 380CAEC622A7943700321AF4 /* Build configuration list for PBXProject "Grammer" */;
			compatibilityVersion = "Xcode 9.3";
			developmentRegion = en;
			hasScannedForEncodings = 0;
			knownRegions = (
				en,
			);
			mainGroup = 380CAEC222A7943700321AF4;
			productRefGroup = 380CAECC22A7943700321AF4 /* Products */;
			projectDirPath = "";
			projectRoot = "";
			targets = (
				380CAECA22A7943700321AF4 /* Grammer */,
				3828D42B22DF3929004687F4 /* UI */,
				3828D43722DF3939004687F4 /* Test */,
			);
		};
/* End PBXProject section */

/* Begin PBXResourcesBuildPhase section */
		3828D42A22DF3929004687F4 /* Resources */ = {
			isa = PBXResourcesBuildPhase;
			buildActionMask = 2147483647;
			files = (
			);
			runOnlyForDeploymentPostprocessing = 0;
		};
		3828D43622DF3939004687F4 /* Resources */ = {
			isa = PBXResourcesBuildPhase;
			buildActionMask = 2147483647;
			files = (
			);
			runOnlyForDeploymentPostprocessing = 0;
		};
/* End PBXResourcesBuildPhase section */

/* Begin PBXSourcesBuildPhase section */
		380CAEC722A7943700321AF4 /* Sources */ = {
			isa = PBXSourcesBuildPhase;
			buildActionMask = 2147483647;
			files = (
				3814586722CAEE6F00AD0D3F /* Person+Tool.m in Sources */,
				3814586422CAEDD700AD0D3F /* Person.m in Sources */,
				380CAECF22A7943700321AF4 /* main.m in Sources */,
			);
			runOnlyForDeploymentPostprocessing = 0;
		};
		3828D42822DF3929004687F4 /* Sources */ = {
			isa = PBXSourcesBuildPhase;
			buildActionMask = 2147483647;
			files = (
				3828D42F22DF3929004687F4 /* UI.swift in Sources */,
			);
			runOnlyForDeploymentPostprocessing = 0;
		};
		3828D43422DF3939004687F4 /* Sources */ = {
			isa = PBXSourcesBuildPhase;
			buildActionMask = 2147483647;
			files = (
				3828D43B22DF3939004687F4 /* Test.swift in Sources */,
			);
			runOnlyForDeploymentPostprocessing = 0;
		};
/* End PBXSourcesBuildPhase section */

/* Begin XCBuildConfiguration section */
		380CAED022A7943700321AF4 /* Debug */ = {
			isa = XCBuildConfiguration;
			buildSettings = {
				ALWAYS_SEARCH_USER_PATHS = NO;
				CLANG_ANALYZER_NONNULL = YES;
				CLANG_ANALYZER_NUMBER_OBJECT_CONVERSION = YES_AGGRESSIVE;
				CLANG_CXX_LANGUAGE_STANDARD = "gnu++14";
				CLANG_CXX_LIBRARY = "libc++";
				CLANG_ENABLE_MODULES = YES;
				CLANG_ENABLE_OBJC_ARC = YES;
				CLANG_ENABLE_OBJC_WEAK = YES;
				CLANG_WARN_BLOCK_CAPTURE_AUTORELEASING = YES;
				CLANG_WARN_BOOL_CONVERSION = YES;
				CLANG_WARN_COMMA = YES;
				CLANG_WARN_CONSTANT_CONVERSION = YES;
				CLANG_WARN_DEPRECATED_OBJC_IMPLEMENTATIONS = YES;
				CLANG_WARN_DIRECT_OBJC_ISA_USAGE = YES_ERROR;
				CLANG_WARN_DOCUMENTATION_COMMENTS = YES;
				CLANG_WARN_EMPTY_BODY = YES;
				CLANG_WARN_ENUM_CONVERSION = YES;
				CLANG_WARN_INFINITE_RECURSION = YES;
				CLANG_WARN_INT_CONVERSION = YES;
				CLANG_WARN_NON_LITERAL_NULL_CONVERSION = YES;
				CLANG_WARN_OBJC_IMPLICIT_RETAIN_SELF = YES;
				CLANG_WARN_OBJC_LITERAL_CONVERSION = YES;
				CLANG_WARN_OBJC_ROOT_CLASS = YES_ERROR;
				CLANG_WARN_RANGE_LOOP_ANALYSIS = YES;
				CLANG_WARN_STRICT_PROTOTYPES = YES;
				CLANG_WARN_SUSPICIOUS_MOVE = YES;
				CLANG_WARN_UNGUARDED_AVAILABILITY = YES_AGGRESSIVE;
				CLANG_WARN_UNREACHABLE_CODE = YES;
				CLANG_WARN__DUPLICATE_METHOD_MATCH = YES;
				CODE_SIGN_IDENTITY = "Mac Developer";
				COPY_PHASE_STRIP = NO;
				DEBUG_INFORMATION_FORMAT = dwarf;
				ENABLE_STRICT_OBJC_MSGSEND = YES;
				ENABLE_TESTABILITY = YES;
				GCC_C_LANGUAGE_STANDARD = gnu11;
				GCC_DYNAMIC_NO_PIC = NO;
				GCC_NO_COMMON_BLOCKS = YES;
				GCC_OPTIMIZATION_LEVEL = 0;
				GCC_PREPROCESSOR_DEFINITIONS = (
					"DEBUG=1",
					"$(inherited)",
				);
				GCC_WARN_64_TO_32_BIT_CONVERSION = YES;
				GCC_WARN_ABOUT_RETURN_TYPE = YES_ERROR;
				GCC_WARN_UNDECLARED_SELECTOR = YES;
				GCC_WARN_UNINITIALIZED_AUTOS = YES_AGGRESSIVE;
				GCC_WARN_UNUSED_FUNCTION = YES;
				GCC_WARN_UNUSED_VARIABLE = YES;
				MACOSX_DEPLOYMENT_TARGET = 10.14;
				MTL_ENABLE_DEBUG_INFO = INCLUDE_SOURCE;
				MTL_FAST_MATH = YES;
				ONLY_ACTIVE_ARCH = YES;
				SDKROOT = macosx;
			};
			name = Debug;
		};
		380CAED122A7943700321AF4 /* Release */ = {
			isa = XCBuildConfiguration;
			buildSettings = {
				ALWAYS_SEARCH_USER_PATHS = NO;
				CLANG_ANALYZER_NONNULL = YES;
				CLANG_ANALYZER_NUMBER_OBJECT_CONVERSION = YES_AGGRESSIVE;
				CLANG_CXX_LANGUAGE_STANDARD = "gnu++14";
				CLANG_CXX_LIBRARY = "libc++";
				CLANG_ENABLE_MODULES = YES;
				CLANG_ENABLE_OBJC_ARC = YES;
				CLANG_ENABLE_OBJC_WEAK = YES;
				CLANG_WARN_BLOCK_CAPTURE_AUTORELEASING = YES;
				CLANG_WARN_BOOL_CONVERSION = YES;
				CLANG_WARN_COMMA = YES;
				CLANG_WARN_CONSTANT_CONVERSION = YES;
				CLANG_WARN_DEPRECATED_OBJC_IMPLEMENTATIONS = YES;
				CLANG_WARN_DIRECT_OBJC_ISA_USAGE = YES_ERROR;
				CLANG_WARN_DOCUMENTATION_COMMENTS = YES;
				CLANG_WARN_EMPTY_BODY = YES;
				CLANG_WARN_ENUM_CONVERSION = YES;
				CLANG_WARN_INFINITE_RECURSION = YES;
				CLANG_WARN_INT_CONVERSION = YES;
				CLANG_WARN_NON_LITERAL_NULL_CONVERSION = YES;
				CLANG_WARN_OBJC_IMPLICIT_RETAIN_SELF = YES;
				CLANG_WARN_OBJC_LITERAL_CONVERSION = YES;
				CLANG_WARN_OBJC_ROOT_CLASS = YES_ERROR;
				CLANG_WARN_RANGE_LOOP_ANALYSIS = YES;
				CLANG_WARN_STRICT_PROTOTYPES = YES;
				CLANG_WARN_SUSPICIOUS_MOVE = YES;
				CLANG_WARN_UNGUARDED_AVAILABILITY = YES_AGGRESSIVE;
				CLANG_WARN_UNREACHABLE_CODE = YES;
				CLANG_WARN__DUPLICATE_METHOD_MATCH = YES;
				CODE_SIGN_IDENTITY = "Mac Developer";
				COPY_PHASE_STRIP = NO;
				DEBUG_INFORMATION_FORMAT = "dwarf-with-dsym";
				ENABLE_NS_ASSERTIONS = NO;
				ENABLE_STRICT_OBJC_MSGSEND = YES;
				GCC_C_LANGUAGE_STANDARD = gnu11;
				GCC_NO_COMMON_BLOCKS = YES;
				GCC_WARN_64_TO_32_BIT_CONVERSION = YES;
				GCC_WARN_ABOUT_RETURN_TYPE = YES_ERROR;
				GCC_WARN_UNDECLARED_SELECTOR = YES;
				GCC_WARN_UNINITIALIZED_AUTOS = YES_AGGRESSIVE;
				GCC_WARN_UNUSED_FUNCTION = YES;
				GCC_WARN_UNUSED_VARIABLE = YES;
				MACOSX_DEPLOYMENT_TARGET = 10.14;
				MTL_ENABLE_DEBUG_INFO = NO;
				MTL_FAST_MATH = YES;
				SDKROOT = macosx;
			};
			name = Release;
		};
		380CAED322A7943700321AF4 /* Debug */ = {
			isa = XCBuildConfiguration;
			buildSettings = {
				CODE_SIGN_STYLE = Automatic;
				DEVELOPMENT_TEAM = 9C9K388S8H;
				PRODUCT_NAME = "$(TARGET_NAME)";
			};
			name = Debug;
		};
		380CAED422A7943700321AF4 /* Release */ = {
			isa = XCBuildConfiguration;
			buildSettings = {
				CODE_SIGN_STYLE = Automatic;
				DEVELOPMENT_TEAM = 9C9K388S8H;
				PRODUCT_NAME = "$(TARGET_NAME)";
			};
			name = Release;
		};
		3828D43122DF3929004687F4 /* Debug */ = {
			isa = XCBuildConfiguration;
			buildSettings = {
				CODE_SIGN_IDENTITY = "iPhone Developer";
				CODE_SIGN_STYLE = Automatic;
				DEVELOPMENT_TEAM = 9C9K388S8H;
				INFOPLIST_FILE = UI/Info.plist;
				IPHONEOS_DEPLOYMENT_TARGET = 12.2;
				LD_RUNPATH_SEARCH_PATHS = (
					"$(inherited)",
					"@executable_path/Frameworks",
					"@loader_path/Frameworks",
				);
				PRODUCT_BUNDLE_IDENTIFIER = com.mozihen.UI;
				PRODUCT_NAME = "$(TARGET_NAME)";
				SDKROOT = iphoneos;
				SWIFT_ACTIVE_COMPILATION_CONDITIONS = DEBUG;
				SWIFT_OPTIMIZATION_LEVEL = "-Onone";
				SWIFT_VERSION = 5.0;
				TARGETED_DEVICE_FAMILY = "1,2";
			};
			name = Debug;
		};
		3828D43222DF3929004687F4 /* Release */ = {
			isa = XCBuildConfiguration;
			buildSettings = {
				CODE_SIGN_IDENTITY = "iPhone Developer";
				CODE_SIGN_STYLE = Automatic;
				DEVELOPMENT_TEAM = 9C9K388S8H;
				INFOPLIST_FILE = UI/Info.plist;
				IPHONEOS_DEPLOYMENT_TARGET = 12.2;
				LD_RUNPATH_SEARCH_PATHS = (
					"$(inherited)",
					"@executable_path/Frameworks",
					"@loader_path/Frameworks",
				);
				PRODUCT_BUNDLE_IDENTIFIER = com.mozihen.UI;
				PRODUCT_NAME = "$(TARGET_NAME)";
				SDKROOT = iphoneos;
				SWIFT_COMPILATION_MODE = wholemodule;
				SWIFT_OPTIMIZATION_LEVEL = "-O";
				SWIFT_VERSION = 5.0;
				TARGETED_DEVICE_FAMILY = "1,2";
				VALIDATE_PRODUCT = YES;
			};
			name = Release;
		};
		3828D43E22DF3939004687F4 /* Debug */ = {
			isa = XCBuildConfiguration;
			buildSettings = {
				CODE_SIGN_IDENTITY = "iPhone Developer";
				CODE_SIGN_STYLE = Automatic;
				DEVELOPMENT_TEAM = 9C9K388S8H;
				INFOPLIST_FILE = Test/Info.plist;
				IPHONEOS_DEPLOYMENT_TARGET = 12.2;
				LD_RUNPATH_SEARCH_PATHS = (
					"$(inherited)",
					"@executable_path/Frameworks",
					"@loader_path/Frameworks",
				);
				PRODUCT_BUNDLE_IDENTIFIER = com.mozihen.Test;
				PRODUCT_NAME = "$(TARGET_NAME)";
				SDKROOT = iphoneos;
				SWIFT_ACTIVE_COMPILATION_CONDITIONS = DEBUG;
				SWIFT_OPTIMIZATION_LEVEL = "-Onone";
				SWIFT_VERSION = 5.0;
				TARGETED_DEVICE_FAMILY = "1,2";
			};
			name = Debug;
		};
		3828D43F22DF3939004687F4 /* Release */ = {
			isa = XCBuildConfiguration;
			buildSettings = {
				CODE_SIGN_IDENTITY = "iPhone Developer";
				CODE_SIGN_STYLE = Automatic;
				DEVELOPMENT_TEAM = 9C9K388S8H;
				INFOPLIST_FILE = Test/Info.plist;
				IPHONEOS_DEPLOYMENT_TARGET = 12.2;
				LD_RUNPATH_SEARCH_PATHS = (
					"$(inherited)",
					"@executable_path/Frameworks",
					"@loader_path/Frameworks",
				);
				PRODUCT_BUNDLE_IDENTIFIER = com.mozihen.Test;
				PRODUCT_NAME = "$(TARGET_NAME)";
				SDKROOT = iphoneos;
				SWIFT_COMPILATION_MODE = wholemodule;
				SWIFT_OPTIMIZATION_LEVEL = "-O";
				SWIFT_VERSION = 5.0;
				TARGETED_DEVICE_FAMILY = "1,2";
				VALIDATE_PRODUCT = YES;
			};
			name = Release;
		};
/* End XCBuildConfiguration section */

/* Begin XCConfigurationList section */
		380CAEC622A7943700321AF4 /* Build configuration list for PBXProject "Grammer" */ = {
			isa = XCConfigurationList;
			buildConfigurations = (
				380CAED022A7943700321AF4 /* Debug */,
				380CAED122A7943700321AF4 /* Release */,
			);
			defaultConfigurationIsVisible = 0;
			defaultConfigurationName = Release;
		};
		380CAED222A7943700321AF4 /* Build configuration list for PBXNativeTarget "Grammer" */ = {
			isa = XCConfigurationList;
			buildConfigurations = (
				380CAED322A7943700321AF4 /* Debug */,
				380CAED422A7943700321AF4 /* Release */,
			);
			defaultConfigurationIsVisible = 0;
			defaultConfigurationName = Release;
		};
		3828D43322DF3929004687F4 /* Build configuration list for PBXNativeTarget "UI" */ = {
			isa = XCConfigurationList;
			buildConfigurations = (
				3828D43122DF3929004687F4 /* Debug */,
				3828D43222DF3929004687F4 /* Release */,
			);
			defaultConfigurationIsVisible = 0;
			defaultConfigurationName = Release;
		};
		3828D43D22DF3939004687F4 /* Build configuration list for PBXNativeTarget "Test" */ = {
			isa = XCConfigurationList;
			buildConfigurations = (
				3828D43E22DF3939004687F4 /* Debug */,
				3828D43F22DF3939004687F4 /* Release */,
			);
			defaultConfigurationIsVisible = 0;
			defaultConfigurationName = Release;
		};
/* End XCConfigurationList section */
	};
	rootObject = 380CAEC322A7943700321AF4 /* Project object */;
}
