// !$*UTF8*$!
{
	archiveVersion = 1;
	classes = {
	};
	objectVersion = 50;
	objects = {

/* Begin PBXBuildFile section */
		333A055F225A3255001E8EA3 /* PartViewController.m in Sources */ = {isa = PBXBuildFile; fileRef = 333A055E225A3255001E8EA3 /* PartViewController.m */; };
		33A9472E2252728A00CE796D /* AppDelegate.m in Sources */ = {isa = PBXBuildFile; fileRef = 33A9472D2252728A00CE796D /* AppDelegate.m */; };
		33A947312252728A00CE796D /* ViewController.m in Sources */ = {isa = PBXBuildFile; fileRef = 33A947302252728A00CE796D /* ViewController.m */; };
		33A947342252728A00CE796D /* Main.storyboard in Resources */ = {isa = PBXBuildFile; fileRef = 33A947322252728A00CE796D /* Main.storyboard */; };
		33A947362252728B00CE796D /* Assets.xcassets in Resources */ = {isa = PBXBuildFile; fileRef = 33A947352252728B00CE796D /* Assets.xcassets */; };
		33A9473C2252728B00CE796D /* main.m in Sources */ = {isa = PBXBuildFile; fileRef = 33A9473B2252728B00CE796D /* main.m */; };
		381646B622A65FD2004491F7 /* UIViewController+Tools.m in Sources */ = {isa = PBXBuildFile; fileRef = 381646AC22A65FD2004491F7 /* UIViewController+Tools.m */; };
		381646B722A65FD2004491F7 /* NSArray+Tool.m in Sources */ = {isa = PBXBuildFile; fileRef = 381646B222A65FD2004491F7 /* NSArray+Tool.m */; };
		381646B822A65FD2004491F7 /* NSDictionary+Tool.m in Sources */ = {isa = PBXBuildFile; fileRef = 381646B322A65FD2004491F7 /* NSDictionary+Tool.m */; };
		381646B922A65FD2004491F7 /* UIView+Tools.m in Sources */ = {isa = PBXBuildFile; fileRef = 381646B422A65FD2004491F7 /* UIView+Tools.m */; };
		381646BA22A65FD2004491F7 /* UIColor+Tools.m in Sources */ = {isa = PBXBuildFile; fileRef = 381646B522A65FD2004491F7 /* UIColor+Tools.m */; };
		381646C222A65FEE004491F7 /* BaseViewController.m in Sources */ = {isa = PBXBuildFile; fileRef = 381646BD22A65FEE004491F7 /* BaseViewController.m */; };
		381646C322A65FEE004491F7 /* BaseButton.m in Sources */ = {isa = PBXBuildFile; fileRef = 381646BF22A65FEE004491F7 /* BaseButton.m */; };
		381646C422A65FEE004491F7 /* BaseLabel.m in Sources */ = {isa = PBXBuildFile; fileRef = 381646C122A65FEE004491F7 /* BaseLabel.m */; };
		38346BD62252F768005DB04A /* Caculator.xib in Resources */ = {isa = PBXBuildFile; fileRef = 38346BD52252F768005DB04A /* Caculator.xib */; };
		38346C0122530868005DB04A /* CaculatorController.m in Sources */ = {isa = PBXBuildFile; fileRef = 38346C0022530868005DB04A /* CaculatorController.m */; };
		3895F003226DA5190083E0D7 /* Localizable.strings in Resources */ = {isa = PBXBuildFile; fileRef = 3895F005226DA5190083E0D7 /* Localizable.strings */; };
		389B9962225364C2005EDF4D /* LocalizedViewController.m in Sources */ = {isa = PBXBuildFile; fileRef = 389B9961225364C2005EDF4D /* LocalizedViewController.m */; };
		71660E6CA1C7FCC4E3945AB1 /* libPods-RAC.a in Frameworks */ = {isa = PBXBuildFile; fileRef = 98E2F1AD01B9870811825333 /* libPods-RAC.a */; };
/* End PBXBuildFile section */

/* Begin PBXFileReference section */
		333A055D225A3255001E8EA3 /* PartViewController.h */ = {isa = PBXFileReference; lastKnownFileType = sourcecode.c.h; path = PartViewController.h; sourceTree = "<group>"; };
		333A055E225A3255001E8EA3 /* PartViewController.m */ = {isa = PBXFileReference; lastKnownFileType = sourcecode.c.objc; path = PartViewController.m; sourceTree = "<group>"; };
		33A947292252728A00CE796D /* RAC.app */ = {isa = PBXFileReference; explicitFileType = wrapper.application; includeInIndex = 0; path = RAC.app; sourceTree = BUILT_PRODUCTS_DIR; };
		33A9472C2252728A00CE796D /* AppDelegate.h */ = {isa = PBXFileReference; lastKnownFileType = sourcecode.c.h; path = AppDelegate.h; sourceTree = "<group>"; };
		33A9472D2252728A00CE796D /* AppDelegate.m */ = {isa = PBXFileReference; lastKnownFileType = sourcecode.c.objc; path = AppDelegate.m; sourceTree = "<group>"; };
		33A9472F2252728A00CE796D /* ViewController.h */ = {isa = PBXFileReference; lastKnownFileType = sourcecode.c.h; path = ViewController.h; sourceTree = "<group>"; };
		33A947302252728A00CE796D /* ViewController.m */ = {isa = PBXFileReference; lastKnownFileType = sourcecode.c.objc; path = ViewController.m; sourceTree = "<group>"; };
		33A947332252728A00CE796D /* Base */ = {isa = PBXFileReference; lastKnownFileType = file.storyboard; name = Base; path = Base.lproj/Main.storyboard; sourceTree = "<group>"; };
		33A947352252728B00CE796D /* Assets.xcassets */ = {isa = PBXFileReference; lastKnownFileType = folder.assetcatalog; path = Assets.xcassets; sourceTree = "<group>"; };
		33A9473A2252728B00CE796D /* Info.plist */ = {isa = PBXFileReference; lastKnownFileType = text.plist.xml; path = Info.plist; sourceTree = "<group>"; };
		33A9473B2252728B00CE796D /* main.m */ = {isa = PBXFileReference; lastKnownFileType = sourcecode.c.objc; path = main.m; sourceTree = "<group>"; };
		381646AC22A65FD2004491F7 /* UIViewController+Tools.m */ = {isa = PBXFileReference; fileEncoding = 4; lastKnownFileType = sourcecode.c.objc; path = "UIViewController+Tools.m"; sourceTree = "<group>"; };
		381646AD22A65FD2004491F7 /* NSArray+Tool.h */ = {isa = PBXFileReference; fileEncoding = 4; lastKnownFileType = sourcecode.c.h; path = "NSArray+Tool.h"; sourceTree = "<group>"; };
		381646AE22A65FD2004491F7 /* NSDictionary+Tool.h */ = {isa = PBXFileReference; fileEncoding = 4; lastKnownFileType = sourcecode.c.h; path = "NSDictionary+Tool.h"; sourceTree = "<group>"; };
		381646AF22A65FD2004491F7 /* UIView+Tools.h */ = {isa = PBXFileReference; fileEncoding = 4; lastKnownFileType = sourcecode.c.h; path = "UIView+Tools.h"; sourceTree = "<group>"; };
		381646B022A65FD2004491F7 /* UIColor+Tools.h */ = {isa = PBXFileReference; fileEncoding = 4; lastKnownFileType = sourcecode.c.h; path = "UIColor+Tools.h"; sourceTree = "<group>"; };
		381646B122A65FD2004491F7 /* UIViewController+Tools.h */ = {isa = PBXFileReference; fileEncoding = 4; lastKnownFileType = sourcecode.c.h; path = "UIViewController+Tools.h"; sourceTree = "<group>"; };
		381646B222A65FD2004491F7 /* NSArray+Tool.m */ = {isa = PBXFileReference; fileEncoding = 4; lastKnownFileType = sourcecode.c.objc; path = "NSArray+Tool.m"; sourceTree = "<group>"; };
		381646B322A65FD2004491F7 /* NSDictionary+Tool.m */ = {isa = PBXFileReference; fileEncoding = 4; lastKnownFileType = sourcecode.c.objc; path = "NSDictionary+Tool.m"; sourceTree = "<group>"; };
		381646B422A65FD2004491F7 /* UIView+Tools.m */ = {isa = PBXFileReference; fileEncoding = 4; lastKnownFileType = sourcecode.c.objc; path = "UIView+Tools.m"; sourceTree = "<group>"; };
		381646B522A65FD2004491F7 /* UIColor+Tools.m */ = {isa = PBXFileReference; fileEncoding = 4; lastKnownFileType = sourcecode.c.objc; path = "UIColor+Tools.m"; sourceTree = "<group>"; };
		381646BC22A65FEE004491F7 /* BaseButton.h */ = {isa = PBXFileReference; fileEncoding = 4; lastKnownFileType = sourcecode.c.h; path = BaseButton.h; sourceTree = "<group>"; };
		381646BD22A65FEE004491F7 /* BaseViewController.m */ = {isa = PBXFileReference; fileEncoding = 4; lastKnownFileType = sourcecode.c.objc; path = BaseViewController.m; sourceTree = "<group>"; };
		381646BE22A65FEE004491F7 /* BaseLabel.h */ = {isa = PBXFileReference; fileEncoding = 4; lastKnownFileType = sourcecode.c.h; path = BaseLabel.h; sourceTree = "<group>"; };
		381646BF22A65FEE004491F7 /* BaseButton.m */ = {isa = PBXFileReference; fileEncoding = 4; lastKnownFileType = sourcecode.c.objc; path = BaseButton.m; sourceTree = "<group>"; };
		381646C022A65FEE004491F7 /* BaseViewController.h */ = {isa = PBXFileReference; fileEncoding = 4; lastKnownFileType = sourcecode.c.h; path = BaseViewController.h; sourceTree = "<group>"; };
		381646C122A65FEE004491F7 /* BaseLabel.m */ = {isa = PBXFileReference; fileEncoding = 4; lastKnownFileType = sourcecode.c.objc; path = BaseLabel.m; sourceTree = "<group>"; };
		38346BD52252F768005DB04A /* Caculator.xib */ = {isa = PBXFileReference; lastKnownFileType = file.xib; path = Caculator.xib; sourceTree = "<group>"; };
		38346BDC2252F831005DB04A /* Header.h */ = {isa = PBXFileReference; lastKnownFileType = sourcecode.c.h; path = Header.h; sourceTree = "<group>"; };
		38346BFF22530868005DB04A /* CaculatorController.h */ = {isa = PBXFileReference; lastKnownFileType = sourcecode.c.h; path = CaculatorController.h; sourceTree = "<group>"; };
		38346C0022530868005DB04A /* CaculatorController.m */ = {isa = PBXFileReference; lastKnownFileType = sourcecode.c.objc; path = CaculatorController.m; sourceTree = "<group>"; };
		3895F004226DA5190083E0D7 /* en */ = {isa = PBXFileReference; lastKnownFileType = text.plist.strings; name = en; path = en.lproj/Localizable.strings; sourceTree = "<group>"; };
		3895F007226DA5250083E0D7 /* ko */ = {isa = PBXFileReference; lastKnownFileType = text.plist.strings; name = ko; path = ko.lproj/Localizable.strings; sourceTree = "<group>"; };
		3895F008226DA5280083E0D7 /* ja */ = {isa = PBXFileReference; lastKnownFileType = text.plist.strings; name = ja; path = ja.lproj/Localizable.strings; sourceTree = "<group>"; };
		3895F009226DA5410083E0D7 /* zh-Hans */ = {isa = PBXFileReference; lastKnownFileType = text.plist.strings; name = "zh-Hans"; path = "zh-Hans.lproj/Localizable.strings"; sourceTree = "<group>"; };
		389B9960225364C2005EDF4D /* LocalizedViewController.h */ = {isa = PBXFileReference; lastKnownFileType = sourcecode.c.h; path = LocalizedViewController.h; sourceTree = "<group>"; };
		389B9961225364C2005EDF4D /* LocalizedViewController.m */ = {isa = PBXFileReference; lastKnownFileType = sourcecode.c.objc; path = LocalizedViewController.m; sourceTree = "<group>"; };
		38FFA3722253533F008E40C5 /* zh-HK */ = {isa = PBXFileReference; lastKnownFileType = text.plist.strings; name = "zh-HK"; path = "zh-HK.lproj/Main.strings"; sourceTree = "<group>"; };
		7BA7F33A2376DD32BDBE3BDC /* Pods-RAC.release.xcconfig */ = {isa = PBXFileReference; includeInIndex = 1; lastKnownFileType = text.xcconfig; name = "Pods-RAC.release.xcconfig"; path = "Target Support Files/Pods-RAC/Pods-RAC.release.xcconfig"; sourceTree = "<group>"; };
		98E2F1AD01B9870811825333 /* libPods-RAC.a */ = {isa = PBXFileReference; explicitFileType = archive.ar; includeInIndex = 0; path = "libPods-RAC.a"; sourceTree = BUILT_PRODUCTS_DIR; };
		9FEF24900E31ED8D5B6EF35D /* Pods-RAC.debug.xcconfig */ = {isa = PBXFileReference; includeInIndex = 1; lastKnownFileType = text.xcconfig; name = "Pods-RAC.debug.xcconfig"; path = "Target Support Files/Pods-RAC/Pods-RAC.debug.xcconfig"; sourceTree = "<group>"; };
/* End PBXFileReference section */

/* Begin PBXFrameworksBuildPhase section */
		33A947262252728A00CE796D /* Frameworks */ = {
			isa = PBXFrameworksBuildPhase;
			buildActionMask = 2147483647;
			files = (
				71660E6CA1C7FCC4E3945AB1 /* libPods-RAC.a in Frameworks */,
			);
			runOnlyForDeploymentPostprocessing = 0;
		};
/* End PBXFrameworksBuildPhase section */

/* Begin PBXGroup section */
		33A947202252728A00CE796D = {
			isa = PBXGroup;
			children = (
				33A9472B2252728A00CE796D /* RAC */,
				33A9472A2252728A00CE796D /* Products */,
				D4B767493C97F7CED49A5E7A /* Pods */,
				C84F57D072EE4A302A9FEC70 /* Frameworks */,
			);
			sourceTree = "<group>";
		};
		33A9472A2252728A00CE796D /* Products */ = {
			isa = PBXGroup;
			children = (
				33A947292252728A00CE796D /* RAC.app */,
			);
			name = Products;
			sourceTree = "<group>";
		};
		33A9472B2252728A00CE796D /* RAC */ = {
			isa = PBXGroup;
			children = (
				381646BB22A65FEE004491F7 /* Base */,
				381646AB22A65FD2004491F7 /* Categories */,
				3895F005226DA5190083E0D7 /* Localizable.strings */,
				38346BFE22530846005DB04A /* Model */,
				33A9472C2252728A00CE796D /* AppDelegate.h */,
				33A9472D2252728A00CE796D /* AppDelegate.m */,
				33A9472F2252728A00CE796D /* ViewController.h */,
				33A947302252728A00CE796D /* ViewController.m */,
				33A947322252728A00CE796D /* Main.storyboard */,
				33A947352252728B00CE796D /* Assets.xcassets */,
				33A9473A2252728B00CE796D /* Info.plist */,
				33A9473B2252728B00CE796D /* main.m */,
				38346BDC2252F831005DB04A /* Header.h */,
			);
			path = RAC;
			sourceTree = "<group>";
		};
		381646AB22A65FD2004491F7 /* Categories */ = {
			isa = PBXGroup;
			children = (
				381646AC22A65FD2004491F7 /* UIViewController+Tools.m */,
				381646AD22A65FD2004491F7 /* NSArray+Tool.h */,
				381646AE22A65FD2004491F7 /* NSDictionary+Tool.h */,
				381646AF22A65FD2004491F7 /* UIView+Tools.h */,
				381646B022A65FD2004491F7 /* UIColor+Tools.h */,
				381646B122A65FD2004491F7 /* UIViewController+Tools.h */,
				381646B222A65FD2004491F7 /* NSArray+Tool.m */,
				381646B322A65FD2004491F7 /* NSDictionary+Tool.m */,
				381646B422A65FD2004491F7 /* UIView+Tools.m */,
				381646B522A65FD2004491F7 /* UIColor+Tools.m */,
			);
			name = Categories;
			path = ../../common/Categories;
			sourceTree = "<group>";
		};
		381646BB22A65FEE004491F7 /* Base */ = {
			isa = PBXGroup;
			children = (
				381646BC22A65FEE004491F7 /* BaseButton.h */,
				381646BD22A65FEE004491F7 /* BaseViewController.m */,
				381646BE22A65FEE004491F7 /* BaseLabel.h */,
				381646BF22A65FEE004491F7 /* BaseButton.m */,
				381646C022A65FEE004491F7 /* BaseViewController.h */,
				381646C122A65FEE004491F7 /* BaseLabel.m */,
			);
			name = Base;
			path = ../../common/Base;
			sourceTree = "<group>";
		};
		38346BFE22530846005DB04A /* Model */ = {
			isa = PBXGroup;
			children = (
				38346BD52252F768005DB04A /* Caculator.xib */,
				38346BFF22530868005DB04A /* CaculatorController.h */,
				38346C0022530868005DB04A /* CaculatorController.m */,
				389B9960225364C2005EDF4D /* LocalizedViewController.h */,
				389B9961225364C2005EDF4D /* LocalizedViewController.m */,
				333A055D225A3255001E8EA3 /* PartViewController.h */,
				333A055E225A3255001E8EA3 /* PartViewController.m */,
			);
			path = Model;
			sourceTree = "<group>";
		};
		C84F57D072EE4A302A9FEC70 /* Frameworks */ = {
			isa = PBXGroup;
			children = (
				98E2F1AD01B9870811825333 /* libPods-RAC.a */,
			);
			name = Frameworks;
			sourceTree = "<group>";
		};
		D4B767493C97F7CED49A5E7A /* Pods */ = {
			isa = PBXGroup;
			children = (
				9FEF24900E31ED8D5B6EF35D /* Pods-RAC.debug.xcconfig */,
				7BA7F33A2376DD32BDBE3BDC /* Pods-RAC.release.xcconfig */,
			);
			name = Pods;
			path = ../Pods;
			sourceTree = "<group>";
		};
/* End PBXGroup section */

/* Begin PBXNativeTarget section */
		33A947282252728A00CE796D /* RAC */ = {
			isa = PBXNativeTarget;
			buildConfigurationList = 33A9473F2252728B00CE796D /* Build configuration list for PBXNativeTarget "RAC" */;
			buildPhases = (
				862806695AD958041301332E /* [CP] Check Pods Manifest.lock */,
				33A947252252728A00CE796D /* Sources */,
				33A947262252728A00CE796D /* Frameworks */,
				33A947272252728A00CE796D /* Resources */,
				0B2BF18D90A75A6DABBEC7F9 /* [CP] Copy Pods Resources */,
			);
			buildRules = (
			);
			dependencies = (
			);
			name = RAC;
			productName = RAC;
			productReference = 33A947292252728A00CE796D /* RAC.app */;
			productType = "com.apple.product-type.application";
		};
/* End PBXNativeTarget section */

/* Begin PBXProject section */
		33A947212252728A00CE796D /* Project object */ = {
			isa = PBXProject;
			attributes = {
				LastUpgradeCheck = 1020;
				ORGANIZATIONNAME = mozihen;
				TargetAttributes = {
					33A947282252728A00CE796D = {
						CreatedOnToolsVersion = 10.2;
					};
				};
			};
			buildConfigurationList = 33A947242252728A00CE796D /* Build configuration list for PBXProject "RAC" */;
			compatibilityVersion = "Xcode 9.3";
			developmentRegion = en;
			hasScannedForEncodings = 0;
			knownRegions = (
				en,
				Base,
				"zh-HK",
				global,
				"zh-Hans",
				fr,
				ko,
				ja,
			);
			mainGroup = 33A947202252728A00CE796D;
			productRefGroup = 33A9472A2252728A00CE796D /* Products */;
			projectDirPath = "";
			projectRoot = "";
			targets = (
				33A947282252728A00CE796D /* RAC */,
			);
		};
/* End PBXProject section */

/* Begin PBXResourcesBuildPhase section */
		33A947272252728A00CE796D /* Resources */ = {
			isa = PBXResourcesBuildPhase;
			buildActionMask = 2147483647;
			files = (
				33A947362252728B00CE796D /* Assets.xcassets in Resources */,
				3895F003226DA5190083E0D7 /* Localizable.strings in Resources */,
				33A947342252728A00CE796D /* Main.storyboard in Resources */,
				38346BD62252F768005DB04A /* Caculator.xib in Resources */,
			);
			runOnlyForDeploymentPostprocessing = 0;
		};
/* End PBXResourcesBuildPhase section */

/* Begin PBXShellScriptBuildPhase section */
		0B2BF18D90A75A6DABBEC7F9 /* [CP] Copy Pods Resources */ = {
			isa = PBXShellScriptBuildPhase;
			buildActionMask = 2147483647;
			files = (
			);
			inputFileListPaths = (
			);
			inputPaths = (
				"${PODS_ROOT}/Target Support Files/Pods-RAC/Pods-RAC-resources.sh",
				"${PODS_ROOT}/IQKeyboardManager/IQKeyboardManager/Resources/IQKeyboardManager.bundle",
			);
			name = "[CP] Copy Pods Resources";
			outputFileListPaths = (
			);
			outputPaths = (
				"${TARGET_BUILD_DIR}/${UNLOCALIZED_RESOURCES_FOLDER_PATH}/IQKeyboardManager.bundle",
			);
			runOnlyForDeploymentPostprocessing = 0;
			shellPath = /bin/sh;
			shellScript = "\"${PODS_ROOT}/Target Support Files/Pods-RAC/Pods-RAC-resources.sh\"\n";
			showEnvVarsInLog = 0;
		};
		862806695AD958041301332E /* [CP] Check Pods Manifest.lock */ = {
			isa = PBXShellScriptBuildPhase;
			buildActionMask = 2147483647;
			files = (
			);
			inputFileListPaths = (
			);
			inputPaths = (
				"${PODS_PODFILE_DIR_PATH}/Podfile.lock",
				"${PODS_ROOT}/Manifest.lock",
			);
			name = "[CP] Check Pods Manifest.lock";
			outputFileListPaths = (
			);
			outputPaths = (
				"$(DERIVED_FILE_DIR)/Pods-RAC-checkManifestLockResult.txt",
			);
			runOnlyForDeploymentPostprocessing = 0;
			shellPath = /bin/sh;
			shellScript = "diff \"${PODS_PODFILE_DIR_PATH}/Podfile.lock\" \"${PODS_ROOT}/Manifest.lock\" > /dev/null\nif [ $? != 0 ] ; then\n    # print error to STDERR\n    echo \"error: The sandbox is not in sync with the Podfile.lock. Run 'pod install' or update your CocoaPods installation.\" >&2\n    exit 1\nfi\n# This output is used by Xcode 'outputs' to avoid re-running this script phase.\necho \"SUCCESS\" > \"${SCRIPT_OUTPUT_FILE_0}\"\n";
			showEnvVarsInLog = 0;
		};
/* End PBXShellScriptBuildPhase section */

/* Begin PBXSourcesBuildPhase section */
		33A947252252728A00CE796D /* Sources */ = {
			isa = PBXSourcesBuildPhase;
			buildActionMask = 2147483647;
			files = (
				33A947312252728A00CE796D /* ViewController.m in Sources */,
				381646C222A65FEE004491F7 /* BaseViewController.m in Sources */,
				33A9473C2252728B00CE796D /* main.m in Sources */,
				381646B622A65FD2004491F7 /* UIViewController+Tools.m in Sources */,
				389B9962225364C2005EDF4D /* LocalizedViewController.m in Sources */,
				381646BA22A65FD2004491F7 /* UIColor+Tools.m in Sources */,
				333A055F225A3255001E8EA3 /* PartViewController.m in Sources */,
				381646B722A65FD2004491F7 /* NSArray+Tool.m in Sources */,
				33A9472E2252728A00CE796D /* AppDelegate.m in Sources */,
				381646B822A65FD2004491F7 /* NSDictionary+Tool.m in Sources */,
				381646C322A65FEE004491F7 /* BaseButton.m in Sources */,
				381646B922A65FD2004491F7 /* UIView+Tools.m in Sources */,
				38346C0122530868005DB04A /* CaculatorController.m in Sources */,
				381646C422A65FEE004491F7 /* BaseLabel.m in Sources */,
			);
			runOnlyForDeploymentPostprocessing = 0;
		};
/* End PBXSourcesBuildPhase section */

/* Begin PBXVariantGroup section */
		33A947322252728A00CE796D /* Main.storyboard */ = {
			isa = PBXVariantGroup;
			children = (
				33A947332252728A00CE796D /* Base */,
				38FFA3722253533F008E40C5 /* zh-HK */,
			);
			name = Main.storyboard;
			sourceTree = "<group>";
		};
		3895F005226DA5190083E0D7 /* Localizable.strings */ = {
			isa = PBXVariantGroup;
			children = (
				3895F004226DA5190083E0D7 /* en */,
				3895F007226DA5250083E0D7 /* ko */,
				3895F008226DA5280083E0D7 /* ja */,
				3895F009226DA5410083E0D7 /* zh-Hans */,
			);
			name = Localizable.strings;
			sourceTree = "<group>";
		};
/* End PBXVariantGroup section */

/* Begin XCBuildConfiguration section */
		33A9473D2252728B00CE796D /* Debug */ = {
			isa = XCBuildConfiguration;
			buildSettings = {
				ALWAYS_SEARCH_USER_PATHS = NO;
				CLANG_ANALYZER_LOCALIZABILITY_NONLOCALIZED = YES;
				CLANG_ANALYZER_NONNULL = YES;
				CLANG_ANALYZER_NUMBER_OBJECT_CONVERSION = YES_AGGRESSIVE;
				CLANG_CXX_LANGUAGE_STANDARD = "gnu++14";
				CLANG_CXX_LIBRARY = "libc++";
				CLANG_ENABLE_MODULES = YES;
				CLANG_ENABLE_OBJC_ARC = YES;
				CLANG_ENABLE_OBJC_WEAK = YES;
				CLANG_WARN_BLOCK_CAPTURE_AUTORELEASING = YES;
				CLANG_WARN_BOOL_CONVERSION = YES;
				CLANG_WARN_COMMA = YES;
				CLANG_WARN_CONSTANT_CONVERSION = YES;
				CLANG_WARN_DEPRECATED_OBJC_IMPLEMENTATIONS = YES;
				CLANG_WARN_DIRECT_OBJC_ISA_USAGE = YES_ERROR;
				CLANG_WARN_DOCUMENTATION_COMMENTS = YES;
				CLANG_WARN_EMPTY_BODY = YES;
				CLANG_WARN_ENUM_CONVERSION = YES;
				CLANG_WARN_INFINITE_RECURSION = YES;
				CLANG_WARN_INT_CONVERSION = YES;
				CLANG_WARN_NON_LITERAL_NULL_CONVERSION = YES;
				CLANG_WARN_OBJC_IMPLICIT_RETAIN_SELF = YES;
				CLANG_WARN_OBJC_LITERAL_CONVERSION = YES;
				CLANG_WARN_OBJC_ROOT_CLASS = YES_ERROR;
				CLANG_WARN_RANGE_LOOP_ANALYSIS = YES;
				CLANG_WARN_STRICT_PROTOTYPES = YES;
				CLANG_WARN_SUSPICIOUS_MOVE = YES;
				CLANG_WARN_UNGUARDED_AVAILABILITY = YES_AGGRESSIVE;
				CLANG_WARN_UNREACHABLE_CODE = YES;
				CLANG_WARN__DUPLICATE_METHOD_MATCH = YES;
				CODE_SIGN_IDENTITY = "iPhone Developer";
				COPY_PHASE_STRIP = NO;
				DEBUG_INFORMATION_FORMAT = dwarf;
				ENABLE_STRICT_OBJC_MSGSEND = YES;
				ENABLE_TESTABILITY = YES;
				GCC_C_LANGUAGE_STANDARD = gnu11;
				GCC_DYNAMIC_NO_PIC = NO;
				GCC_NO_COMMON_BLOCKS = YES;
				GCC_OPTIMIZATION_LEVEL = 0;
				GCC_PREPROCESSOR_DEFINITIONS = (
					"DEBUG=1",
					"$(inherited)",
				);
				GCC_WARN_64_TO_32_BIT_CONVERSION = YES;
				GCC_WARN_ABOUT_RETURN_TYPE = YES_ERROR;
				GCC_WARN_UNDECLARED_SELECTOR = YES;
				GCC_WARN_UNINITIALIZED_AUTOS = YES_AGGRESSIVE;
				GCC_WARN_UNUSED_FUNCTION = YES;
				GCC_WARN_UNUSED_VARIABLE = YES;
				IPHONEOS_DEPLOYMENT_TARGET = 12.2;
				MTL_ENABLE_DEBUG_INFO = INCLUDE_SOURCE;
				MTL_FAST_MATH = YES;
				ONLY_ACTIVE_ARCH = YES;
				SDKROOT = iphoneos;
			};
			name = Debug;
		};
		33A9473E2252728B00CE796D /* Release */ = {
			isa = XCBuildConfiguration;
			buildSettings = {
				ALWAYS_SEARCH_USER_PATHS = NO;
				CLANG_ANALYZER_LOCALIZABILITY_NONLOCALIZED = YES;
				CLANG_ANALYZER_NONNULL = YES;
				CLANG_ANALYZER_NUMBER_OBJECT_CONVERSION = YES_AGGRESSIVE;
				CLANG_CXX_LANGUAGE_STANDARD = "gnu++14";
				CLANG_CXX_LIBRARY = "libc++";
				CLANG_ENABLE_MODULES = YES;
				CLANG_ENABLE_OBJC_ARC = YES;
				CLANG_ENABLE_OBJC_WEAK = YES;
				CLANG_WARN_BLOCK_CAPTURE_AUTORELEASING = YES;
				CLANG_WARN_BOOL_CONVERSION = YES;
				CLANG_WARN_COMMA = YES;
				CLANG_WARN_CONSTANT_CONVERSION = YES;
				CLANG_WARN_DEPRECATED_OBJC_IMPLEMENTATIONS = YES;
				CLANG_WARN_DIRECT_OBJC_ISA_USAGE = YES_ERROR;
				CLANG_WARN_DOCUMENTATION_COMMENTS = YES;
				CLANG_WARN_EMPTY_BODY = YES;
				CLANG_WARN_ENUM_CONVERSION = YES;
				CLANG_WARN_INFINITE_RECURSION = YES;
				CLANG_WARN_INT_CONVERSION = YES;
				CLANG_WARN_NON_LITERAL_NULL_CONVERSION = YES;
				CLANG_WARN_OBJC_IMPLICIT_RETAIN_SELF = YES;
				CLANG_WARN_OBJC_LITERAL_CONVERSION = YES;
				CLANG_WARN_OBJC_ROOT_CLASS = YES_ERROR;
				CLANG_WARN_RANGE_LOOP_ANALYSIS = YES;
				CLANG_WARN_STRICT_PROTOTYPES = YES;
				CLANG_WARN_SUSPICIOUS_MOVE = YES;
				CLANG_WARN_UNGUARDED_AVAILABILITY = YES_AGGRESSIVE;
				CLANG_WARN_UNREACHABLE_CODE = YES;
				CLANG_WARN__DUPLICATE_METHOD_MATCH = YES;
				CODE_SIGN_IDENTITY = "iPhone Developer";
				COPY_PHASE_STRIP = NO;
				DEBUG_INFORMATION_FORMAT = "dwarf-with-dsym";
				ENABLE_NS_ASSERTIONS = NO;
				ENABLE_STRICT_OBJC_MSGSEND = YES;
				GCC_C_LANGUAGE_STANDARD = gnu11;
				GCC_NO_COMMON_BLOCKS = YES;
				GCC_WARN_64_TO_32_BIT_CONVERSION = YES;
				GCC_WARN_ABOUT_RETURN_TYPE = YES_ERROR;
				GCC_WARN_UNDECLARED_SELECTOR = YES;
				GCC_WARN_UNINITIALIZED_AUTOS = YES_AGGRESSIVE;
				GCC_WARN_UNUSED_FUNCTION = YES;
				GCC_WARN_UNUSED_VARIABLE = YES;
				IPHONEOS_DEPLOYMENT_TARGET = 12.2;
				MTL_ENABLE_DEBUG_INFO = NO;
				MTL_FAST_MATH = YES;
				SDKROOT = iphoneos;
				VALIDATE_PRODUCT = YES;
			};
			name = Release;
		};
		33A947402252728B00CE796D /* Debug */ = {
			isa = XCBuildConfiguration;
			baseConfigurationReference = 9FEF24900E31ED8D5B6EF35D /* Pods-RAC.debug.xcconfig */;
			buildSettings = {
				ASSETCATALOG_COMPILER_APPICON_NAME = AppIcon;
				CODE_SIGN_STYLE = Automatic;
				DEVELOPMENT_TEAM = 9C9K388S8H;
				GCC_PREFIX_HEADER = "$(SRCROOT)/RAC/Header.h";
				INFOPLIST_FILE = RAC/Info.plist;
				IPHONEOS_DEPLOYMENT_TARGET = 10.0;
				LD_RUNPATH_SEARCH_PATHS = (
					"$(inherited)",
					"@executable_path/Frameworks",
				);
				PRODUCT_BUNDLE_IDENTIFIER = com.bonuston.RAC;
				PRODUCT_NAME = "$(TARGET_NAME)";
				TARGETED_DEVICE_FAMILY = 1;
			};
			name = Debug;
		};
		33A947412252728B00CE796D /* Release */ = {
			isa = XCBuildConfiguration;
			baseConfigurationReference = 7BA7F33A2376DD32BDBE3BDC /* Pods-RAC.release.xcconfig */;
			buildSettings = {
				ASSETCATALOG_COMPILER_APPICON_NAME = AppIcon;
				CODE_SIGN_STYLE = Automatic;
				DEVELOPMENT_TEAM = 9C9K388S8H;
				GCC_PREFIX_HEADER = "$(SRCROOT)/RAC/Header.h";
				INFOPLIST_FILE = RAC/Info.plist;
				IPHONEOS_DEPLOYMENT_TARGET = 10.0;
				LD_RUNPATH_SEARCH_PATHS = (
					"$(inherited)",
					"@executable_path/Frameworks",
				);
				PRODUCT_BUNDLE_IDENTIFIER = com.bonuston.RAC;
				PRODUCT_NAME = "$(TARGET_NAME)";
				TARGETED_DEVICE_FAMILY = 1;
			};
			name = Release;
		};
/* End XCBuildConfiguration section */

/* Begin XCConfigurationList section */
		33A947242252728A00CE796D /* Build configuration list for PBXProject "RAC" */ = {
			isa = XCConfigurationList;
			buildConfigurations = (
				33A9473D2252728B00CE796D /* Debug */,
				33A9473E2252728B00CE796D /* Release */,
			);
			defaultConfigurationIsVisible = 0;
			defaultConfigurationName = Release;
		};
		33A9473F2252728B00CE796D /* Build configuration list for PBXNativeTarget "RAC" */ = {
			isa = XCConfigurationList;
			buildConfigurations = (
				33A947402252728B00CE796D /* Debug */,
				33A947412252728B00CE796D /* Release */,
			);
			defaultConfigurationIsVisible = 0;
			defaultConfigurationName = Release;
		};
/* End XCConfigurationList section */
	};
	rootObject = 33A947212252728A00CE796D /* Project object */;
}
