// !$*UTF8*$!
{
	archiveVersion = 1;
	classes = {
	};
	objectVersion = 50;
	objects = {

/* Begin PBXBuildFile section */
		25EE086C3F5755B4FC9E02C9 /* libPods-SendbirdChat.a in Frameworks */ = {isa = PBXBuildFile; fileRef = B350B7EA55925A92CC4086CB /* libPods-SendbirdChat.a */; };
		3328E8EA22BF64370025472D /* ChannelCell.m in Sources */ = {isa = PBXBuildFile; fileRef = 3328E8E822BF64370025472D /* ChannelCell.m */; };
		3328E8EB22BF64370025472D /* ChannelCell.xib in Resources */ = {isa = PBXBuildFile; fileRef = 3328E8E922BF64370025472D /* ChannelCell.xib */; };
		3328E8F222BF73570025472D /* Message.m in Sources */ = {isa = PBXBuildFile; fileRef = 3328E8F122BF73570025472D /* Message.m */; };
		3328E90A22BFE5F90025472D /* UIViewController+Tools.m in Sources */ = {isa = PBXBuildFile; fileRef = 3328E8F522BFE5F90025472D /* UIViewController+Tools.m */; };
		3328E90B22BFE5F90025472D /* NSString+Tools.m in Sources */ = {isa = PBXBuildFile; fileRef = 3328E8F722BFE5F90025472D /* NSString+Tools.m */; };
		3328E90C22BFE5F90025472D /* UITableViewCell+Tools.m in Sources */ = {isa = PBXBuildFile; fileRef = 3328E8F822BFE5F90025472D /* UITableViewCell+Tools.m */; };
		3328E90D22BFE5F90025472D /* NSArray+Tool.m in Sources */ = {isa = PBXBuildFile; fileRef = 3328E8FF22BFE5F90025472D /* NSArray+Tool.m */; };
		3328E90E22BFE5F90025472D /* NSDictionary+Tool.m in Sources */ = {isa = PBXBuildFile; fileRef = 3328E90022BFE5F90025472D /* NSDictionary+Tool.m */; };
		3328E90F22BFE5F90025472D /* UIView+Tools.m in Sources */ = {isa = PBXBuildFile; fileRef = 3328E90122BFE5F90025472D /* UIView+Tools.m */; };
		3328E91022BFE5F90025472D /* UIColor+Tools.m in Sources */ = {isa = PBXBuildFile; fileRef = 3328E90222BFE5F90025472D /* UIColor+Tools.m */; };
		3328E91122BFE5F90025472D /* BaseViewController.m in Sources */ = {isa = PBXBuildFile; fileRef = 3328E90522BFE5F90025472D /* BaseViewController.m */; };
		3328E91222BFE5F90025472D /* BaseButton.m in Sources */ = {isa = PBXBuildFile; fileRef = 3328E90722BFE5F90025472D /* BaseButton.m */; };
		3328E91322BFE5F90025472D /* BaseLabel.m in Sources */ = {isa = PBXBuildFile; fileRef = 3328E90922BFE5F90025472D /* BaseLabel.m */; };
		3328E91622BFE69C0025472D /* PicTextButton.m in Sources */ = {isa = PBXBuildFile; fileRef = 3328E91522BFE69C0025472D /* PicTextButton.m */; };
		381FB15E229677440090C697 /* AppDelegate.m in Sources */ = {isa = PBXBuildFile; fileRef = 381FB15D229677440090C697 /* AppDelegate.m */; };
		381FB161229677440090C697 /* ViewController.m in Sources */ = {isa = PBXBuildFile; fileRef = 381FB160229677440090C697 /* ViewController.m */; };
		381FB164229677440090C697 /* Main.storyboard in Resources */ = {isa = PBXBuildFile; fileRef = 381FB162229677440090C697 /* Main.storyboard */; };
		381FB166229677460090C697 /* Assets.xcassets in Resources */ = {isa = PBXBuildFile; fileRef = 381FB165229677460090C697 /* Assets.xcassets */; };
		381FB169229677460090C697 /* LaunchScreen.storyboard in Resources */ = {isa = PBXBuildFile; fileRef = 381FB167229677460090C697 /* LaunchScreen.storyboard */; };
		381FB16C229677460090C697 /* main.m in Sources */ = {isa = PBXBuildFile; fileRef = 381FB16B229677460090C697 /* main.m */; };
		38F77F1D22AF820C0063FDD1 /* MessageCell.m in Sources */ = {isa = PBXBuildFile; fileRef = 38F77F1B22AF820C0063FDD1 /* MessageCell.m */; };
		38F77F1E22AF820C0063FDD1 /* MessageCell.xib in Resources */ = {isa = PBXBuildFile; fileRef = 38F77F1C22AF820C0063FDD1 /* MessageCell.xib */; };
		38FB791022AE29F900ECD731 /* ChannelController.m in Sources */ = {isa = PBXBuildFile; fileRef = 38FB790E22AE29F900ECD731 /* ChannelController.m */; };
		38FB791122AE29F900ECD731 /* ChannelController.xib in Resources */ = {isa = PBXBuildFile; fileRef = 38FB790F22AE29F900ECD731 /* ChannelController.xib */; };
		38FB791A22AE6F4200ECD731 /* ChatController.m in Sources */ = {isa = PBXBuildFile; fileRef = 38FB791822AE6F4200ECD731 /* ChatController.m */; };
		38FB791B22AE6F4200ECD731 /* ChatController.xib in Resources */ = {isa = PBXBuildFile; fileRef = 38FB791922AE6F4200ECD731 /* ChatController.xib */; };
/* End PBXBuildFile section */

/* Begin PBXFileReference section */
		3328E8E722BF64370025472D /* ChannelCell.h */ = {isa = PBXFileReference; lastKnownFileType = sourcecode.c.h; path = ChannelCell.h; sourceTree = "<group>"; };
		3328E8E822BF64370025472D /* ChannelCell.m */ = {isa = PBXFileReference; lastKnownFileType = sourcecode.c.objc; path = ChannelCell.m; sourceTree = "<group>"; };
		3328E8E922BF64370025472D /* ChannelCell.xib */ = {isa = PBXFileReference; lastKnownFileType = file.xib; path = ChannelCell.xib; sourceTree = "<group>"; };
		3328E8F022BF73570025472D /* Message.h */ = {isa = PBXFileReference; lastKnownFileType = sourcecode.c.h; path = Message.h; sourceTree = "<group>"; };
		3328E8F122BF73570025472D /* Message.m */ = {isa = PBXFileReference; lastKnownFileType = sourcecode.c.objc; path = Message.m; sourceTree = "<group>"; };
		3328E8F522BFE5F90025472D /* UIViewController+Tools.m */ = {isa = PBXFileReference; fileEncoding = 4; lastKnownFileType = sourcecode.c.objc; path = "UIViewController+Tools.m"; sourceTree = "<group>"; };
		3328E8F622BFE5F90025472D /* NSArray+Tool.h */ = {isa = PBXFileReference; fileEncoding = 4; lastKnownFileType = sourcecode.c.h; path = "NSArray+Tool.h"; sourceTree = "<group>"; };
		3328E8F722BFE5F90025472D /* NSString+Tools.m */ = {isa = PBXFileReference; fileEncoding = 4; lastKnownFileType = sourcecode.c.objc; path = "NSString+Tools.m"; sourceTree = "<group>"; };
		3328E8F822BFE5F90025472D /* UITableViewCell+Tools.m */ = {isa = PBXFileReference; fileEncoding = 4; lastKnownFileType = sourcecode.c.objc; path = "UITableViewCell+Tools.m"; sourceTree = "<group>"; };
		3328E8F922BFE5F90025472D /* NSDictionary+Tool.h */ = {isa = PBXFileReference; fileEncoding = 4; lastKnownFileType = sourcecode.c.h; path = "NSDictionary+Tool.h"; sourceTree = "<group>"; };
		3328E8FA22BFE5F90025472D /* UIView+Tools.h */ = {isa = PBXFileReference; fileEncoding = 4; lastKnownFileType = sourcecode.c.h; path = "UIView+Tools.h"; sourceTree = "<group>"; };
		3328E8FB22BFE5F90025472D /* UIColor+Tools.h */ = {isa = PBXFileReference; fileEncoding = 4; lastKnownFileType = sourcecode.c.h; path = "UIColor+Tools.h"; sourceTree = "<group>"; };
		3328E8FC22BFE5F90025472D /* UITableViewCell+Tools.h */ = {isa = PBXFileReference; fileEncoding = 4; lastKnownFileType = sourcecode.c.h; path = "UITableViewCell+Tools.h"; sourceTree = "<group>"; };
		3328E8FD22BFE5F90025472D /* NSString+Tools.h */ = {isa = PBXFileReference; fileEncoding = 4; lastKnownFileType = sourcecode.c.h; path = "NSString+Tools.h"; sourceTree = "<group>"; };
		3328E8FE22BFE5F90025472D /* UIViewController+Tools.h */ = {isa = PBXFileReference; fileEncoding = 4; lastKnownFileType = sourcecode.c.h; path = "UIViewController+Tools.h"; sourceTree = "<group>"; };
		3328E8FF22BFE5F90025472D /* NSArray+Tool.m */ = {isa = PBXFileReference; fileEncoding = 4; lastKnownFileType = sourcecode.c.objc; path = "NSArray+Tool.m"; sourceTree = "<group>"; };
		3328E90022BFE5F90025472D /* NSDictionary+Tool.m */ = {isa = PBXFileReference; fileEncoding = 4; lastKnownFileType = sourcecode.c.objc; path = "NSDictionary+Tool.m"; sourceTree = "<group>"; };
		3328E90122BFE5F90025472D /* UIView+Tools.m */ = {isa = PBXFileReference; fileEncoding = 4; lastKnownFileType = sourcecode.c.objc; path = "UIView+Tools.m"; sourceTree = "<group>"; };
		3328E90222BFE5F90025472D /* UIColor+Tools.m */ = {isa = PBXFileReference; fileEncoding = 4; lastKnownFileType = sourcecode.c.objc; path = "UIColor+Tools.m"; sourceTree = "<group>"; };
		3328E90422BFE5F90025472D /* BaseButton.h */ = {isa = PBXFileReference; fileEncoding = 4; lastKnownFileType = sourcecode.c.h; path = BaseButton.h; sourceTree = "<group>"; };
		3328E90522BFE5F90025472D /* BaseViewController.m */ = {isa = PBXFileReference; fileEncoding = 4; lastKnownFileType = sourcecode.c.objc; path = BaseViewController.m; sourceTree = "<group>"; };
		3328E90622BFE5F90025472D /* BaseLabel.h */ = {isa = PBXFileReference; fileEncoding = 4; lastKnownFileType = sourcecode.c.h; path = BaseLabel.h; sourceTree = "<group>"; };
		3328E90722BFE5F90025472D /* BaseButton.m */ = {isa = PBXFileReference; fileEncoding = 4; lastKnownFileType = sourcecode.c.objc; path = BaseButton.m; sourceTree = "<group>"; };
		3328E90822BFE5F90025472D /* BaseViewController.h */ = {isa = PBXFileReference; fileEncoding = 4; lastKnownFileType = sourcecode.c.h; path = BaseViewController.h; sourceTree = "<group>"; };
		3328E90922BFE5F90025472D /* BaseLabel.m */ = {isa = PBXFileReference; fileEncoding = 4; lastKnownFileType = sourcecode.c.objc; path = BaseLabel.m; sourceTree = "<group>"; };
		3328E91422BFE69C0025472D /* PicTextButton.h */ = {isa = PBXFileReference; lastKnownFileType = sourcecode.c.h; path = PicTextButton.h; sourceTree = "<group>"; };
		3328E91522BFE69C0025472D /* PicTextButton.m */ = {isa = PBXFileReference; lastKnownFileType = sourcecode.c.objc; path = PicTextButton.m; sourceTree = "<group>"; };
		381FB159229677440090C697 /* SendbirdChat.app */ = {isa = PBXFileReference; explicitFileType = wrapper.application; includeInIndex = 0; path = SendbirdChat.app; sourceTree = BUILT_PRODUCTS_DIR; };
		381FB15C229677440090C697 /* AppDelegate.h */ = {isa = PBXFileReference; lastKnownFileType = sourcecode.c.h; path = AppDelegate.h; sourceTree = "<group>"; };
		381FB15D229677440090C697 /* AppDelegate.m */ = {isa = PBXFileReference; lastKnownFileType = sourcecode.c.objc; path = AppDelegate.m; sourceTree = "<group>"; };
		381FB15F229677440090C697 /* ViewController.h */ = {isa = PBXFileReference; lastKnownFileType = sourcecode.c.h; path = ViewController.h; sourceTree = "<group>"; };
		381FB160229677440090C697 /* ViewController.m */ = {isa = PBXFileReference; lastKnownFileType = sourcecode.c.objc; path = ViewController.m; sourceTree = "<group>"; };
		381FB163229677440090C697 /* Base */ = {isa = PBXFileReference; lastKnownFileType = file.storyboard; name = Base; path = Base.lproj/Main.storyboard; sourceTree = "<group>"; };
		381FB165229677460090C697 /* Assets.xcassets */ = {isa = PBXFileReference; lastKnownFileType = folder.assetcatalog; path = Assets.xcassets; sourceTree = "<group>"; };
		381FB168229677460090C697 /* Base */ = {isa = PBXFileReference; lastKnownFileType = file.storyboard; name = Base; path = Base.lproj/LaunchScreen.storyboard; sourceTree = "<group>"; };
		381FB16A229677460090C697 /* Info.plist */ = {isa = PBXFileReference; lastKnownFileType = text.plist.xml; path = Info.plist; sourceTree = "<group>"; };
		381FB16B229677460090C697 /* main.m */ = {isa = PBXFileReference; lastKnownFileType = sourcecode.c.objc; path = main.m; sourceTree = "<group>"; };
		3855BF6822ADF708005704AC /* SendBirdChat.h */ = {isa = PBXFileReference; lastKnownFileType = sourcecode.c.h; path = SendBirdChat.h; sourceTree = "<group>"; };
		38F77F1A22AF820C0063FDD1 /* MessageCell.h */ = {isa = PBXFileReference; lastKnownFileType = sourcecode.c.h; path = MessageCell.h; sourceTree = "<group>"; };
		38F77F1B22AF820C0063FDD1 /* MessageCell.m */ = {isa = PBXFileReference; lastKnownFileType = sourcecode.c.objc; path = MessageCell.m; sourceTree = "<group>"; };
		38F77F1C22AF820C0063FDD1 /* MessageCell.xib */ = {isa = PBXFileReference; lastKnownFileType = file.xib; path = MessageCell.xib; sourceTree = "<group>"; };
		38FB790D22AE29F900ECD731 /* ChannelController.h */ = {isa = PBXFileReference; lastKnownFileType = sourcecode.c.h; path = ChannelController.h; sourceTree = "<group>"; };
		38FB790E22AE29F900ECD731 /* ChannelController.m */ = {isa = PBXFileReference; lastKnownFileType = sourcecode.c.objc; path = ChannelController.m; sourceTree = "<group>"; };
		38FB790F22AE29F900ECD731 /* ChannelController.xib */ = {isa = PBXFileReference; lastKnownFileType = file.xib; path = ChannelController.xib; sourceTree = "<group>"; };
		38FB791722AE6F4200ECD731 /* ChatController.h */ = {isa = PBXFileReference; lastKnownFileType = sourcecode.c.h; path = ChatController.h; sourceTree = "<group>"; };
		38FB791822AE6F4200ECD731 /* ChatController.m */ = {isa = PBXFileReference; lastKnownFileType = sourcecode.c.objc; path = ChatController.m; sourceTree = "<group>"; };
		38FB791922AE6F4200ECD731 /* ChatController.xib */ = {isa = PBXFileReference; lastKnownFileType = file.xib; path = ChatController.xib; sourceTree = "<group>"; };
		85F1EFC8F64D0101CFD44157 /* Pods-SendbirdChat.release.xcconfig */ = {isa = PBXFileReference; includeInIndex = 1; lastKnownFileType = text.xcconfig; name = "Pods-SendbirdChat.release.xcconfig"; path = "Target Support Files/Pods-SendbirdChat/Pods-SendbirdChat.release.xcconfig"; sourceTree = "<group>"; };
		AED93E2A280AE3E1A298C2A9 /* Pods-SendbirdChat.debug.xcconfig */ = {isa = PBXFileReference; includeInIndex = 1; lastKnownFileType = text.xcconfig; name = "Pods-SendbirdChat.debug.xcconfig"; path = "Target Support Files/Pods-SendbirdChat/Pods-SendbirdChat.debug.xcconfig"; sourceTree = "<group>"; };
		B350B7EA55925A92CC4086CB /* libPods-SendbirdChat.a */ = {isa = PBXFileReference; explicitFileType = archive.ar; includeInIndex = 0; path = "libPods-SendbirdChat.a"; sourceTree = BUILT_PRODUCTS_DIR; };
/* End PBXFileReference section */

/* Begin PBXFrameworksBuildPhase section */
		381FB156229677440090C697 /* Frameworks */ = {
			isa = PBXFrameworksBuildPhase;
			buildActionMask = 2147483647;
			files = (
				25EE086C3F5755B4FC9E02C9 /* libPods-SendbirdChat.a in Frameworks */,
			);
			runOnlyForDeploymentPostprocessing = 0;
		};
/* End PBXFrameworksBuildPhase section */

/* Begin PBXGroup section */
		2C2EA3A58DE7765624784C11 /* Pods */ = {
			isa = PBXGroup;
			children = (
				AED93E2A280AE3E1A298C2A9 /* Pods-SendbirdChat.debug.xcconfig */,
				85F1EFC8F64D0101CFD44157 /* Pods-SendbirdChat.release.xcconfig */,
			);
			name = Pods;
			path = ../Pods;
			sourceTree = "<group>";
		};
		3328E8EF22BF73220025472D /* Models */ = {
			isa = PBXGroup;
			children = (
				3328E8F022BF73570025472D /* Message.h */,
				3328E8F122BF73570025472D /* Message.m */,
			);
			path = Models;
			sourceTree = "<group>";
		};
		3328E8F322BFE5F90025472D /* common */ = {
			isa = PBXGroup;
			children = (
				3328E8F422BFE5F90025472D /* Categories */,
				3328E90322BFE5F90025472D /* Base */,
			);
			name = common;
			path = ../../common;
			sourceTree = "<group>";
		};
		3328E8F422BFE5F90025472D /* Categories */ = {
			isa = PBXGroup;
			children = (
				3328E8F522BFE5F90025472D /* UIViewController+Tools.m */,
				3328E8F622BFE5F90025472D /* NSArray+Tool.h */,
				3328E8F722BFE5F90025472D /* NSString+Tools.m */,
				3328E8F822BFE5F90025472D /* UITableViewCell+Tools.m */,
				3328E8F922BFE5F90025472D /* NSDictionary+Tool.h */,
				3328E8FA22BFE5F90025472D /* UIView+Tools.h */,
				3328E8FB22BFE5F90025472D /* UIColor+Tools.h */,
				3328E8FC22BFE5F90025472D /* UITableViewCell+Tools.h */,
				3328E8FD22BFE5F90025472D /* NSString+Tools.h */,
				3328E8FE22BFE5F90025472D /* UIViewController+Tools.h */,
				3328E8FF22BFE5F90025472D /* NSArray+Tool.m */,
				3328E90022BFE5F90025472D /* NSDictionary+Tool.m */,
				3328E90122BFE5F90025472D /* UIView+Tools.m */,
				3328E90222BFE5F90025472D /* UIColor+Tools.m */,
			);
			path = Categories;
			sourceTree = "<group>";
		};
		3328E90322BFE5F90025472D /* Base */ = {
			isa = PBXGroup;
			children = (
				3328E90422BFE5F90025472D /* BaseButton.h */,
				3328E90522BFE5F90025472D /* BaseViewController.m */,
				3328E90722BFE5F90025472D /* BaseButton.m */,
				3328E90822BFE5F90025472D /* BaseViewController.h */,
				3328E90622BFE5F90025472D /* BaseLabel.h */,
				3328E90922BFE5F90025472D /* BaseLabel.m */,
				3328E91422BFE69C0025472D /* PicTextButton.h */,
				3328E91522BFE69C0025472D /* PicTextButton.m */,
			);
			path = Base;
			sourceTree = "<group>";
		};
		381FB150229677440090C697 = {
			isa = PBXGroup;
			children = (
				381FB15B229677440090C697 /* SendbirdChat */,
				381FB15A229677440090C697 /* Products */,
				2C2EA3A58DE7765624784C11 /* Pods */,
				5A4F4DC8D9955A5DC1391D53 /* Frameworks */,
			);
			sourceTree = "<group>";
		};
		381FB15A229677440090C697 /* Products */ = {
			isa = PBXGroup;
			children = (
				381FB159229677440090C697 /* SendbirdChat.app */,
			);
			name = Products;
			sourceTree = "<group>";
		};
		381FB15B229677440090C697 /* SendbirdChat */ = {
			isa = PBXGroup;
			children = (
				3328E8F322BFE5F90025472D /* common */,
				3855BF6822ADF708005704AC /* SendBirdChat.h */,
				38F77F1822AF7A280063FDD1 /* Modules */,
				381FB15C229677440090C697 /* AppDelegate.h */,
				381FB15D229677440090C697 /* AppDelegate.m */,
				381FB162229677440090C697 /* Main.storyboard */,
				381FB165229677460090C697 /* Assets.xcassets */,
				381FB167229677460090C697 /* LaunchScreen.storyboard */,
				381FB16A229677460090C697 /* Info.plist */,
				381FB16B229677460090C697 /* main.m */,
			);
			path = SendbirdChat;
			sourceTree = "<group>";
		};
		38F77F1822AF7A280063FDD1 /* Modules */ = {
			isa = PBXGroup;
			children = (
				3328E8EF22BF73220025472D /* Models */,
				38F77F1922AF81E50063FDD1 /* Views */,
				381FB15F229677440090C697 /* ViewController.h */,
				381FB160229677440090C697 /* ViewController.m */,
				38FB791722AE6F4200ECD731 /* ChatController.h */,
				38FB791822AE6F4200ECD731 /* ChatController.m */,
				38FB791922AE6F4200ECD731 /* ChatController.xib */,
				38FB790D22AE29F900ECD731 /* ChannelController.h */,
				38FB790E22AE29F900ECD731 /* ChannelController.m */,
				38FB790F22AE29F900ECD731 /* ChannelController.xib */,
			);
			path = Modules;
			sourceTree = "<group>";
		};
		38F77F1922AF81E50063FDD1 /* Views */ = {
			isa = PBXGroup;
			children = (
				38F77F1A22AF820C0063FDD1 /* MessageCell.h */,
				38F77F1B22AF820C0063FDD1 /* MessageCell.m */,
				38F77F1C22AF820C0063FDD1 /* MessageCell.xib */,
				3328E8E722BF64370025472D /* ChannelCell.h */,
				3328E8E822BF64370025472D /* ChannelCell.m */,
				3328E8E922BF64370025472D /* ChannelCell.xib */,
			);
			path = Views;
			sourceTree = "<group>";
		};
		5A4F4DC8D9955A5DC1391D53 /* Frameworks */ = {
			isa = PBXGroup;
			children = (
				B350B7EA55925A92CC4086CB /* libPods-SendbirdChat.a */,
			);
			name = Frameworks;
			sourceTree = "<group>";
		};
/* End PBXGroup section */

/* Begin PBXNativeTarget section */
		381FB158229677440090C697 /* SendbirdChat */ = {
			isa = PBXNativeTarget;
			buildConfigurationList = 381FB16F229677460090C697 /* Build configuration list for PBXNativeTarget "SendbirdChat" */;
			buildPhases = (
				69013D1778EFC465D3AE33B4 /* [CP] Check Pods Manifest.lock */,
				381FB155229677440090C697 /* Sources */,
				381FB156229677440090C697 /* Frameworks */,
				381FB157229677440090C697 /* Resources */,
				E4237E97509B734D34799FB6 /* [CP] Embed Pods Frameworks */,
				B9319EE0D64C6BAB36E387A2 /* [CP] Copy Pods Resources */,
			);
			buildRules = (
			);
			dependencies = (
			);
			name = SendbirdChat;
			productName = SendbirdChat;
			productReference = 381FB159229677440090C697 /* SendbirdChat.app */;
			productType = "com.apple.product-type.application";
		};
/* End PBXNativeTarget section */

/* Begin PBXProject section */
		381FB151229677440090C697 /* Project object */ = {
			isa = PBXProject;
			attributes = {
				LastUpgradeCheck = 1020;
				ORGANIZATIONNAME = mozihen;
				TargetAttributes = {
					381FB158229677440090C697 = {
						CreatedOnToolsVersion = 10.2;
					};
				};
			};
			buildConfigurationList = 381FB154229677440090C697 /* Build configuration list for PBXProject "SendbirdChat" */;
			compatibilityVersion = "Xcode 9.3";
			developmentRegion = en;
			hasScannedForEncodings = 0;
			knownRegions = (
				en,
				Base,
			);
			mainGroup = 381FB150229677440090C697;
			productRefGroup = 381FB15A229677440090C697 /* Products */;
			projectDirPath = "";
			projectRoot = "";
			targets = (
				381FB158229677440090C697 /* SendbirdChat */,
			);
		};
/* End PBXProject section */

/* Begin PBXResourcesBuildPhase section */
		381FB157229677440090C697 /* Resources */ = {
			isa = PBXResourcesBuildPhase;
			buildActionMask = 2147483647;
			files = (
				381FB169229677460090C697 /* LaunchScreen.storyboard in Resources */,
				38F77F1E22AF820C0063FDD1 /* MessageCell.xib in Resources */,
				3328E8EB22BF64370025472D /* ChannelCell.xib in Resources */,
				38FB791B22AE6F4200ECD731 /* ChatController.xib in Resources */,
				381FB166229677460090C697 /* Assets.xcassets in Resources */,
				381FB164229677440090C697 /* Main.storyboard in Resources */,
				38FB791122AE29F900ECD731 /* ChannelController.xib in Resources */,
			);
			runOnlyForDeploymentPostprocessing = 0;
		};
/* End PBXResourcesBuildPhase section */

/* Begin PBXShellScriptBuildPhase section */
		69013D1778EFC465D3AE33B4 /* [CP] Check Pods Manifest.lock */ = {
			isa = PBXShellScriptBuildPhase;
			buildActionMask = 2147483647;
			files = (
			);
			inputFileListPaths = (
			);
			inputPaths = (
				"${PODS_PODFILE_DIR_PATH}/Podfile.lock",
				"${PODS_ROOT}/Manifest.lock",
			);
			name = "[CP] Check Pods Manifest.lock";
			outputFileListPaths = (
			);
			outputPaths = (
				"$(DERIVED_FILE_DIR)/Pods-SendbirdChat-checkManifestLockResult.txt",
			);
			runOnlyForDeploymentPostprocessing = 0;
			shellPath = /bin/sh;
			shellScript = "diff \"${PODS_PODFILE_DIR_PATH}/Podfile.lock\" \"${PODS_ROOT}/Manifest.lock\" > /dev/null\nif [ $? != 0 ] ; then\n    # print error to STDERR\n    echo \"error: The sandbox is not in sync with the Podfile.lock. Run 'pod install' or update your CocoaPods installation.\" >&2\n    exit 1\nfi\n# This output is used by Xcode 'outputs' to avoid re-running this script phase.\necho \"SUCCESS\" > \"${SCRIPT_OUTPUT_FILE_0}\"\n";
			showEnvVarsInLog = 0;
		};
		B9319EE0D64C6BAB36E387A2 /* [CP] Copy Pods Resources */ = {
			isa = PBXShellScriptBuildPhase;
			buildActionMask = 2147483647;
			files = (
			);
			inputFileListPaths = (
			);
			inputPaths = (
				"${PODS_ROOT}/Target Support Files/Pods-SendbirdChat/Pods-SendbirdChat-resources.sh",
				"${PODS_ROOT}/IQKeyboardManager/IQKeyboardManager/Resources/IQKeyboardManager.bundle",
			);
			name = "[CP] Copy Pods Resources";
			outputFileListPaths = (
			);
			outputPaths = (
				"${TARGET_BUILD_DIR}/${UNLOCALIZED_RESOURCES_FOLDER_PATH}/IQKeyboardManager.bundle",
			);
			runOnlyForDeploymentPostprocessing = 0;
			shellPath = /bin/sh;
			shellScript = "\"${PODS_ROOT}/Target Support Files/Pods-SendbirdChat/Pods-SendbirdChat-resources.sh\"\n";
			showEnvVarsInLog = 0;
		};
		E4237E97509B734D34799FB6 /* [CP] Embed Pods Frameworks */ = {
			isa = PBXShellScriptBuildPhase;
			buildActionMask = 2147483647;
			files = (
			);
			inputFileListPaths = (
			);
			inputPaths = (
				"${PODS_ROOT}/Target Support Files/Pods-SendbirdChat/Pods-SendbirdChat-frameworks.sh",
				"${PODS_ROOT}/SendBirdSDK/SendBirdSDK.framework",
				"${PODS_ROOT}/SendBirdSDK/SendBirdSDK.framework.dSYM",
			);
			name = "[CP] Embed Pods Frameworks";
			outputFileListPaths = (
			);
			outputPaths = (
				"${TARGET_BUILD_DIR}/${FRAMEWORKS_FOLDER_PATH}/SendBirdSDK.framework",
				"${DWARF_DSYM_FOLDER_PATH}/SendBirdSDK.framework.dSYM",
			);
			runOnlyForDeploymentPostprocessing = 0;
			shellPath = /bin/sh;
			shellScript = "\"${PODS_ROOT}/Target Support Files/Pods-SendbirdChat/Pods-SendbirdChat-frameworks.sh\"\n";
			showEnvVarsInLog = 0;
		};
/* End PBXShellScriptBuildPhase section */

/* Begin PBXSourcesBuildPhase section */
		381FB155229677440090C697 /* Sources */ = {
			isa = PBXSourcesBuildPhase;
			buildActionMask = 2147483647;
			files = (
				3328E91622BFE69C0025472D /* PicTextButton.m in Sources */,
				38FB791A22AE6F4200ECD731 /* ChatController.m in Sources */,
				3328E90E22BFE5F90025472D /* NSDictionary+Tool.m in Sources */,
				3328E90B22BFE5F90025472D /* NSString+Tools.m in Sources */,
				3328E90C22BFE5F90025472D /* UITableViewCell+Tools.m in Sources */,
				38FB791022AE29F900ECD731 /* ChannelController.m in Sources */,
				3328E8F222BF73570025472D /* Message.m in Sources */,
				381FB161229677440090C697 /* ViewController.m in Sources */,
				381FB16C229677460090C697 /* main.m in Sources */,
				3328E91022BFE5F90025472D /* UIColor+Tools.m in Sources */,
				3328E8EA22BF64370025472D /* ChannelCell.m in Sources */,
				38F77F1D22AF820C0063FDD1 /* MessageCell.m in Sources */,
				3328E90A22BFE5F90025472D /* UIViewController+Tools.m in Sources */,
				3328E90D22BFE5F90025472D /* NSArray+Tool.m in Sources */,
				3328E90F22BFE5F90025472D /* UIView+Tools.m in Sources */,
				381FB15E229677440090C697 /* AppDelegate.m in Sources */,
				3328E91322BFE5F90025472D /* BaseLabel.m in Sources */,
				3328E91222BFE5F90025472D /* BaseButton.m in Sources */,
				3328E91122BFE5F90025472D /* BaseViewController.m in Sources */,
			);
			runOnlyForDeploymentPostprocessing = 0;
		};
/* End PBXSourcesBuildPhase section */

/* Begin PBXVariantGroup section */
		381FB162229677440090C697 /* Main.storyboard */ = {
			isa = PBXVariantGroup;
			children = (
				381FB163229677440090C697 /* Base */,
			);
			name = Main.storyboard;
			sourceTree = "<group>";
		};
		381FB167229677460090C697 /* LaunchScreen.storyboard */ = {
			isa = PBXVariantGroup;
			children = (
				381FB168229677460090C697 /* Base */,
			);
			name = LaunchScreen.storyboard;
			sourceTree = "<group>";
		};
/* End PBXVariantGroup section */

/* Begin XCBuildConfiguration section */
		381FB16D229677460090C697 /* Debug */ = {
			isa = XCBuildConfiguration;
			buildSettings = {
				ALWAYS_SEARCH_USER_PATHS = NO;
				CLANG_ANALYZER_NONNULL = YES;
				CLANG_ANALYZER_NUMBER_OBJECT_CONVERSION = YES_AGGRESSIVE;
				CLANG_CXX_LANGUAGE_STANDARD = "gnu++14";
				CLANG_CXX_LIBRARY = "libc++";
				CLANG_ENABLE_MODULES = YES;
				CLANG_ENABLE_OBJC_ARC = YES;
				CLANG_ENABLE_OBJC_WEAK = YES;
				CLANG_WARN_BLOCK_CAPTURE_AUTORELEASING = YES;
				CLANG_WARN_BOOL_CONVERSION = YES;
				CLANG_WARN_COMMA = YES;
				CLANG_WARN_CONSTANT_CONVERSION = YES;
				CLANG_WARN_DEPRECATED_OBJC_IMPLEMENTATIONS = YES;
				CLANG_WARN_DIRECT_OBJC_ISA_USAGE = YES_ERROR;
				CLANG_WARN_DOCUMENTATION_COMMENTS = YES;
				CLANG_WARN_EMPTY_BODY = YES;
				CLANG_WARN_ENUM_CONVERSION = YES;
				CLANG_WARN_INFINITE_RECURSION = YES;
				CLANG_WARN_INT_CONVERSION = YES;
				CLANG_WARN_NON_LITERAL_NULL_CONVERSION = YES;
				CLANG_WARN_OBJC_IMPLICIT_RETAIN_SELF = YES;
				CLANG_WARN_OBJC_LITERAL_CONVERSION = YES;
				CLANG_WARN_OBJC_ROOT_CLASS = YES_ERROR;
				CLANG_WARN_RANGE_LOOP_ANALYSIS = YES;
				CLANG_WARN_STRICT_PROTOTYPES = YES;
				CLANG_WARN_SUSPICIOUS_MOVE = YES;
				CLANG_WARN_UNGUARDED_AVAILABILITY = YES_AGGRESSIVE;
				CLANG_WARN_UNREACHABLE_CODE = YES;
				CLANG_WARN__DUPLICATE_METHOD_MATCH = YES;
				CODE_SIGN_IDENTITY = "iPhone Developer";
				COPY_PHASE_STRIP = NO;
				DEBUG_INFORMATION_FORMAT = dwarf;
				ENABLE_STRICT_OBJC_MSGSEND = YES;
				ENABLE_TESTABILITY = YES;
				GCC_C_LANGUAGE_STANDARD = gnu11;
				GCC_DYNAMIC_NO_PIC = NO;
				GCC_NO_COMMON_BLOCKS = YES;
				GCC_OPTIMIZATION_LEVEL = 0;
				GCC_PREPROCESSOR_DEFINITIONS = (
					"DEBUG=1",
					"$(inherited)",
				);
				GCC_WARN_64_TO_32_BIT_CONVERSION = YES;
				GCC_WARN_ABOUT_RETURN_TYPE = YES_ERROR;
				GCC_WARN_UNDECLARED_SELECTOR = YES;
				GCC_WARN_UNINITIALIZED_AUTOS = YES_AGGRESSIVE;
				GCC_WARN_UNUSED_FUNCTION = YES;
				GCC_WARN_UNUSED_VARIABLE = YES;
				IPHONEOS_DEPLOYMENT_TARGET = 12.2;
				MTL_ENABLE_DEBUG_INFO = INCLUDE_SOURCE;
				MTL_FAST_MATH = YES;
				ONLY_ACTIVE_ARCH = YES;
				SDKROOT = iphoneos;
			};
			name = Debug;
		};
		381FB16E229677460090C697 /* Release */ = {
			isa = XCBuildConfiguration;
			buildSettings = {
				ALWAYS_SEARCH_USER_PATHS = NO;
				CLANG_ANALYZER_NONNULL = YES;
				CLANG_ANALYZER_NUMBER_OBJECT_CONVERSION = YES_AGGRESSIVE;
				CLANG_CXX_LANGUAGE_STANDARD = "gnu++14";
				CLANG_CXX_LIBRARY = "libc++";
				CLANG_ENABLE_MODULES = YES;
				CLANG_ENABLE_OBJC_ARC = YES;
				CLANG_ENABLE_OBJC_WEAK = YES;
				CLANG_WARN_BLOCK_CAPTURE_AUTORELEASING = YES;
				CLANG_WARN_BOOL_CONVERSION = YES;
				CLANG_WARN_COMMA = YES;
				CLANG_WARN_CONSTANT_CONVERSION = YES;
				CLANG_WARN_DEPRECATED_OBJC_IMPLEMENTATIONS = YES;
				CLANG_WARN_DIRECT_OBJC_ISA_USAGE = YES_ERROR;
				CLANG_WARN_DOCUMENTATION_COMMENTS = YES;
				CLANG_WARN_EMPTY_BODY = YES;
				CLANG_WARN_ENUM_CONVERSION = YES;
				CLANG_WARN_INFINITE_RECURSION = YES;
				CLANG_WARN_INT_CONVERSION = YES;
				CLANG_WARN_NON_LITERAL_NULL_CONVERSION = YES;
				CLANG_WARN_OBJC_IMPLICIT_RETAIN_SELF = YES;
				CLANG_WARN_OBJC_LITERAL_CONVERSION = YES;
				CLANG_WARN_OBJC_ROOT_CLASS = YES_ERROR;
				CLANG_WARN_RANGE_LOOP_ANALYSIS = YES;
				CLANG_WARN_STRICT_PROTOTYPES = YES;
				CLANG_WARN_SUSPICIOUS_MOVE = YES;
				CLANG_WARN_UNGUARDED_AVAILABILITY = YES_AGGRESSIVE;
				CLANG_WARN_UNREACHABLE_CODE = YES;
				CLANG_WARN__DUPLICATE_METHOD_MATCH = YES;
				CODE_SIGN_IDENTITY = "iPhone Developer";
				COPY_PHASE_STRIP = NO;
				DEBUG_INFORMATION_FORMAT = "dwarf-with-dsym";
				ENABLE_NS_ASSERTIONS = NO;
				ENABLE_STRICT_OBJC_MSGSEND = YES;
				GCC_C_LANGUAGE_STANDARD = gnu11;
				GCC_NO_COMMON_BLOCKS = YES;
				GCC_WARN_64_TO_32_BIT_CONVERSION = YES;
				GCC_WARN_ABOUT_RETURN_TYPE = YES_ERROR;
				GCC_WARN_UNDECLARED_SELECTOR = YES;
				GCC_WARN_UNINITIALIZED_AUTOS = YES_AGGRESSIVE;
				GCC_WARN_UNUSED_FUNCTION = YES;
				GCC_WARN_UNUSED_VARIABLE = YES;
				IPHONEOS_DEPLOYMENT_TARGET = 12.2;
				MTL_ENABLE_DEBUG_INFO = NO;
				MTL_FAST_MATH = YES;
				SDKROOT = iphoneos;
				VALIDATE_PRODUCT = YES;
			};
			name = Release;
		};
		381FB170229677460090C697 /* Debug */ = {
			isa = XCBuildConfiguration;
			baseConfigurationReference = AED93E2A280AE3E1A298C2A9 /* Pods-SendbirdChat.debug.xcconfig */;
			buildSettings = {
				ASSETCATALOG_COMPILER_APPICON_NAME = AppIcon;
				CODE_SIGN_STYLE = Automatic;
				DEVELOPMENT_TEAM = 9C9K388S8H;
				GCC_PREFIX_HEADER = "$(SRCROOT)/SendbirdChat/SendBirdChat.h";
				INFOPLIST_FILE = SendbirdChat/Info.plist;
				LD_RUNPATH_SEARCH_PATHS = (
					"$(inherited)",
					"@executable_path/Frameworks",
				);
				PRODUCT_BUNDLE_IDENTIFIER = com.mozihen.SendbirdChat;
				PRODUCT_NAME = "$(TARGET_NAME)";
				TARGETED_DEVICE_FAMILY = "1,2";
			};
			name = Debug;
		};
		381FB171229677460090C697 /* Release */ = {
			isa = XCBuildConfiguration;
			baseConfigurationReference = 85F1EFC8F64D0101CFD44157 /* Pods-SendbirdChat.release.xcconfig */;
			buildSettings = {
				ASSETCATALOG_COMPILER_APPICON_NAME = AppIcon;
				CODE_SIGN_STYLE = Automatic;
				DEVELOPMENT_TEAM = 9C9K388S8H;
				GCC_PREFIX_HEADER = "$(SRCROOT)/SendbirdChat/SendBirdChat.h";
				INFOPLIST_FILE = SendbirdChat/Info.plist;
				LD_RUNPATH_SEARCH_PATHS = (
					"$(inherited)",
					"@executable_path/Frameworks",
				);
				PRODUCT_BUNDLE_IDENTIFIER = com.mozihen.SendbirdChat;
				PRODUCT_NAME = "$(TARGET_NAME)";
				TARGETED_DEVICE_FAMILY = "1,2";
			};
			name = Release;
		};
/* End XCBuildConfiguration section */

/* Begin XCConfigurationList section */
		381FB154229677440090C697 /* Build configuration list for PBXProject "SendbirdChat" */ = {
			isa = XCConfigurationList;
			buildConfigurations = (
				381FB16D229677460090C697 /* Debug */,
				381FB16E229677460090C697 /* Release */,
			);
			defaultConfigurationIsVisible = 0;
			defaultConfigurationName = Release;
		};
		381FB16F229677460090C697 /* Build configuration list for PBXNativeTarget "SendbirdChat" */ = {
			isa = XCConfigurationList;
			buildConfigurations = (
				381FB170229677460090C697 /* Debug */,
				381FB171229677460090C697 /* Release */,
			);
			defaultConfigurationIsVisible = 0;
			defaultConfigurationName = Release;
		};
/* End XCConfigurationList section */
	};
	rootObject = 381FB151229677440090C697 /* Project object */;
}
