// !$*UTF8*$!
{
	archiveVersion = 1;
	classes = {
	};
	objectVersion = 50;
	objects = {

/* Begin PBXBuildFile section */
		3822198D22B09E2400FCB8D5 /* AppDelegate.m in Sources */ = {isa = PBXBuildFile; fileRef = 3822198C22B09E2400FCB8D5 /* AppDelegate.m */; };
		3822199022B09E2400FCB8D5 /* ViewController.m in Sources */ = {isa = PBXBuildFile; fileRef = 3822198F22B09E2400FCB8D5 /* ViewController.m */; };
		3822199222B09E2500FCB8D5 /* Assets.xcassets in Resources */ = {isa = PBXBuildFile; fileRef = 3822199122B09E2500FCB8D5 /* Assets.xcassets */; };
		3822199522B09E2500FCB8D5 /* Main.storyboard in Resources */ = {isa = PBXBuildFile; fileRef = 3822199322B09E2500FCB8D5 /* Main.storyboard */; };
		3822199822B09E2500FCB8D5 /* main.m in Sources */ = {isa = PBXBuildFile; fileRef = 3822199722B09E2500FCB8D5 /* main.m */; };
		382219B522B09EFA00FCB8D5 /* UIViewController+Tools.m in Sources */ = {isa = PBXBuildFile; fileRef = 382219A222B09EFA00FCB8D5 /* UIViewController+Tools.m */; };
		382219B622B09EFA00FCB8D5 /* NSString+Tools.m in Sources */ = {isa = PBXBuildFile; fileRef = 382219A422B09EFA00FCB8D5 /* NSString+Tools.m */; };
		382219B722B09EFA00FCB8D5 /* NSArray+Tool.m in Sources */ = {isa = PBXBuildFile; fileRef = 382219AA22B09EFA00FCB8D5 /* NSArray+Tool.m */; };
		382219B822B09EFA00FCB8D5 /* NSDictionary+Tool.m in Sources */ = {isa = PBXBuildFile; fileRef = 382219AB22B09EFA00FCB8D5 /* NSDictionary+Tool.m */; };
		382219B922B09EFA00FCB8D5 /* UIView+Tools.m in Sources */ = {isa = PBXBuildFile; fileRef = 382219AC22B09EFA00FCB8D5 /* UIView+Tools.m */; };
		382219BA22B09EFA00FCB8D5 /* UIColor+Tools.m in Sources */ = {isa = PBXBuildFile; fileRef = 382219AD22B09EFA00FCB8D5 /* UIColor+Tools.m */; };
		382219BB22B09EFA00FCB8D5 /* BaseViewController.m in Sources */ = {isa = PBXBuildFile; fileRef = 382219B022B09EFA00FCB8D5 /* BaseViewController.m */; };
		382219BC22B09EFA00FCB8D5 /* BaseButton.m in Sources */ = {isa = PBXBuildFile; fileRef = 382219B222B09EFA00FCB8D5 /* BaseButton.m */; };
		382219BD22B09EFA00FCB8D5 /* BaseLabel.m in Sources */ = {isa = PBXBuildFile; fileRef = 382219B422B09EFA00FCB8D5 /* BaseLabel.m */; };
		382219C222B0A00100FCB8D5 /* BNRItemsViewController.m in Sources */ = {isa = PBXBuildFile; fileRef = 382219C122B0A00100FCB8D5 /* BNRItemsViewController.m */; };
		382219C822B0A15200FCB8D5 /* BNRItemStore.m in Sources */ = {isa = PBXBuildFile; fileRef = 382219C722B0A15200FCB8D5 /* BNRItemStore.m */; };
		382219CB22B0A15C00FCB8D5 /* BNRItem.m in Sources */ = {isa = PBXBuildFile; fileRef = 382219CA22B0A15C00FCB8D5 /* BNRItem.m */; };
		994F5FA82D7E356DB783A4C8 /* libPods-Homepwner.a in Frameworks */ = {isa = PBXBuildFile; fileRef = C1425F23C8D501E151A09806 /* libPods-Homepwner.a */; };
/* End PBXBuildFile section */

/* Begin PBXFileReference section */
		3822198822B09E2400FCB8D5 /* Homepwner.app */ = {isa = PBXFileReference; explicitFileType = wrapper.application; includeInIndex = 0; path = Homepwner.app; sourceTree = BUILT_PRODUCTS_DIR; };
		3822198B22B09E2400FCB8D5 /* AppDelegate.h */ = {isa = PBXFileReference; lastKnownFileType = sourcecode.c.h; path = AppDelegate.h; sourceTree = "<group>"; };
		3822198C22B09E2400FCB8D5 /* AppDelegate.m */ = {isa = PBXFileReference; lastKnownFileType = sourcecode.c.objc; path = AppDelegate.m; sourceTree = "<group>"; };
		3822198E22B09E2400FCB8D5 /* ViewController.h */ = {isa = PBXFileReference; lastKnownFileType = sourcecode.c.h; path = ViewController.h; sourceTree = "<group>"; };
		3822198F22B09E2400FCB8D5 /* ViewController.m */ = {isa = PBXFileReference; lastKnownFileType = sourcecode.c.objc; path = ViewController.m; sourceTree = "<group>"; };
		3822199122B09E2500FCB8D5 /* Assets.xcassets */ = {isa = PBXFileReference; lastKnownFileType = folder.assetcatalog; path = Assets.xcassets; sourceTree = "<group>"; };
		3822199422B09E2500FCB8D5 /* Base */ = {isa = PBXFileReference; lastKnownFileType = file.storyboard; name = Base; path = Base.lproj/Main.storyboard; sourceTree = "<group>"; };
		3822199622B09E2500FCB8D5 /* Info.plist */ = {isa = PBXFileReference; lastKnownFileType = text.plist.xml; path = Info.plist; sourceTree = "<group>"; };
		3822199722B09E2500FCB8D5 /* main.m */ = {isa = PBXFileReference; lastKnownFileType = sourcecode.c.objc; path = main.m; sourceTree = "<group>"; };
		3822199922B09E2500FCB8D5 /* Homepwner.entitlements */ = {isa = PBXFileReference; lastKnownFileType = text.plist.entitlements; path = Homepwner.entitlements; sourceTree = "<group>"; };
		3822199F22B09EAF00FCB8D5 /* Homepwner.pch */ = {isa = PBXFileReference; lastKnownFileType = sourcecode.c.h; path = Homepwner.pch; sourceTree = "<group>"; };
		382219A222B09EFA00FCB8D5 /* UIViewController+Tools.m */ = {isa = PBXFileReference; fileEncoding = 4; lastKnownFileType = sourcecode.c.objc; path = "UIViewController+Tools.m"; sourceTree = "<group>"; };
		382219A322B09EFA00FCB8D5 /* NSArray+Tool.h */ = {isa = PBXFileReference; fileEncoding = 4; lastKnownFileType = sourcecode.c.h; path = "NSArray+Tool.h"; sourceTree = "<group>"; };
		382219A422B09EFA00FCB8D5 /* NSString+Tools.m */ = {isa = PBXFileReference; fileEncoding = 4; lastKnownFileType = sourcecode.c.objc; path = "NSString+Tools.m"; sourceTree = "<group>"; };
		382219A522B09EFA00FCB8D5 /* NSDictionary+Tool.h */ = {isa = PBXFileReference; fileEncoding = 4; lastKnownFileType = sourcecode.c.h; path = "NSDictionary+Tool.h"; sourceTree = "<group>"; };
		382219A622B09EFA00FCB8D5 /* UIView+Tools.h */ = {isa = PBXFileReference; fileEncoding = 4; lastKnownFileType = sourcecode.c.h; path = "UIView+Tools.h"; sourceTree = "<group>"; };
		382219A722B09EFA00FCB8D5 /* UIColor+Tools.h */ = {isa = PBXFileReference; fileEncoding = 4; lastKnownFileType = sourcecode.c.h; path = "UIColor+Tools.h"; sourceTree = "<group>"; };
		382219A822B09EFA00FCB8D5 /* NSString+Tools.h */ = {isa = PBXFileReference; fileEncoding = 4; lastKnownFileType = sourcecode.c.h; path = "NSString+Tools.h"; sourceTree = "<group>"; };
		382219A922B09EFA00FCB8D5 /* UIViewController+Tools.h */ = {isa = PBXFileReference; fileEncoding = 4; lastKnownFileType = sourcecode.c.h; path = "UIViewController+Tools.h"; sourceTree = "<group>"; };
		382219AA22B09EFA00FCB8D5 /* NSArray+Tool.m */ = {isa = PBXFileReference; fileEncoding = 4; lastKnownFileType = sourcecode.c.objc; path = "NSArray+Tool.m"; sourceTree = "<group>"; };
		382219AB22B09EFA00FCB8D5 /* NSDictionary+Tool.m */ = {isa = PBXFileReference; fileEncoding = 4; lastKnownFileType = sourcecode.c.objc; path = "NSDictionary+Tool.m"; sourceTree = "<group>"; };
		382219AC22B09EFA00FCB8D5 /* UIView+Tools.m */ = {isa = PBXFileReference; fileEncoding = 4; lastKnownFileType = sourcecode.c.objc; path = "UIView+Tools.m"; sourceTree = "<group>"; };
		382219AD22B09EFA00FCB8D5 /* UIColor+Tools.m */ = {isa = PBXFileReference; fileEncoding = 4; lastKnownFileType = sourcecode.c.objc; path = "UIColor+Tools.m"; sourceTree = "<group>"; };
		382219AF22B09EFA00FCB8D5 /* BaseButton.h */ = {isa = PBXFileReference; fileEncoding = 4; lastKnownFileType = sourcecode.c.h; path = BaseButton.h; sourceTree = "<group>"; };
		382219B022B09EFA00FCB8D5 /* BaseViewController.m */ = {isa = PBXFileReference; fileEncoding = 4; lastKnownFileType = sourcecode.c.objc; path = BaseViewController.m; sourceTree = "<group>"; };
		382219B122B09EFA00FCB8D5 /* BaseLabel.h */ = {isa = PBXFileReference; fileEncoding = 4; lastKnownFileType = sourcecode.c.h; path = BaseLabel.h; sourceTree = "<group>"; };
		382219B222B09EFA00FCB8D5 /* BaseButton.m */ = {isa = PBXFileReference; fileEncoding = 4; lastKnownFileType = sourcecode.c.objc; path = BaseButton.m; sourceTree = "<group>"; };
		382219B322B09EFA00FCB8D5 /* BaseViewController.h */ = {isa = PBXFileReference; fileEncoding = 4; lastKnownFileType = sourcecode.c.h; path = BaseViewController.h; sourceTree = "<group>"; };
		382219B422B09EFA00FCB8D5 /* BaseLabel.m */ = {isa = PBXFileReference; fileEncoding = 4; lastKnownFileType = sourcecode.c.objc; path = BaseLabel.m; sourceTree = "<group>"; };
		382219C022B0A00100FCB8D5 /* BNRItemsViewController.h */ = {isa = PBXFileReference; lastKnownFileType = sourcecode.c.h; path = BNRItemsViewController.h; sourceTree = "<group>"; };
		382219C122B0A00100FCB8D5 /* BNRItemsViewController.m */ = {isa = PBXFileReference; lastKnownFileType = sourcecode.c.objc; path = BNRItemsViewController.m; sourceTree = "<group>"; };
		382219C622B0A15200FCB8D5 /* BNRItemStore.h */ = {isa = PBXFileReference; lastKnownFileType = sourcecode.c.h; path = BNRItemStore.h; sourceTree = "<group>"; };
		382219C722B0A15200FCB8D5 /* BNRItemStore.m */ = {isa = PBXFileReference; lastKnownFileType = sourcecode.c.objc; path = BNRItemStore.m; sourceTree = "<group>"; };
		382219C922B0A15C00FCB8D5 /* BNRItem.h */ = {isa = PBXFileReference; lastKnownFileType = sourcecode.c.h; path = BNRItem.h; sourceTree = "<group>"; };
		382219CA22B0A15C00FCB8D5 /* BNRItem.m */ = {isa = PBXFileReference; lastKnownFileType = sourcecode.c.objc; path = BNRItem.m; sourceTree = "<group>"; };
		8017D6E1A7239D2107BF06B9 /* Pods-Homepwner.debug.xcconfig */ = {isa = PBXFileReference; includeInIndex = 1; lastKnownFileType = text.xcconfig; name = "Pods-Homepwner.debug.xcconfig"; path = "Target Support Files/Pods-Homepwner/Pods-Homepwner.debug.xcconfig"; sourceTree = "<group>"; };
		81BE101FB5D65DD41A0AEDD3 /* Pods-Homepwner.release.xcconfig */ = {isa = PBXFileReference; includeInIndex = 1; lastKnownFileType = text.xcconfig; name = "Pods-Homepwner.release.xcconfig"; path = "Target Support Files/Pods-Homepwner/Pods-Homepwner.release.xcconfig"; sourceTree = "<group>"; };
		C1425F23C8D501E151A09806 /* libPods-Homepwner.a */ = {isa = PBXFileReference; explicitFileType = archive.ar; includeInIndex = 0; path = "libPods-Homepwner.a"; sourceTree = BUILT_PRODUCTS_DIR; };
/* End PBXFileReference section */

/* Begin PBXFrameworksBuildPhase section */
		3822198522B09E2400FCB8D5 /* Frameworks */ = {
			isa = PBXFrameworksBuildPhase;
			buildActionMask = 2147483647;
			files = (
				994F5FA82D7E356DB783A4C8 /* libPods-Homepwner.a in Frameworks */,
			);
			runOnlyForDeploymentPostprocessing = 0;
		};
/* End PBXFrameworksBuildPhase section */

/* Begin PBXGroup section */
		11B05868EC930DDF77AFCE10 /* Frameworks */ = {
			isa = PBXGroup;
			children = (
				C1425F23C8D501E151A09806 /* libPods-Homepwner.a */,
			);
			name = Frameworks;
			sourceTree = "<group>";
		};
		3822197F22B09E2300FCB8D5 = {
			isa = PBXGroup;
			children = (
				3822198A22B09E2400FCB8D5 /* Homepwner */,
				3822198922B09E2400FCB8D5 /* Products */,
				F0835A5EDB3EE1F20D60EC9C /* Pods */,
				11B05868EC930DDF77AFCE10 /* Frameworks */,
			);
			sourceTree = "<group>";
		};
		3822198922B09E2400FCB8D5 /* Products */ = {
			isa = PBXGroup;
			children = (
				3822198822B09E2400FCB8D5 /* Homepwner.app */,
			);
			name = Products;
			sourceTree = "<group>";
		};
		3822198A22B09E2400FCB8D5 /* Homepwner */ = {
			isa = PBXGroup;
			children = (
				382219BF22B09F7E00FCB8D5 /* Modules */,
				382219A022B09EFA00FCB8D5 /* common */,
				3822198B22B09E2400FCB8D5 /* AppDelegate.h */,
				3822198C22B09E2400FCB8D5 /* AppDelegate.m */,
				3822198E22B09E2400FCB8D5 /* ViewController.h */,
				3822198F22B09E2400FCB8D5 /* ViewController.m */,
				3822199122B09E2500FCB8D5 /* Assets.xcassets */,
				3822199322B09E2500FCB8D5 /* Main.storyboard */,
				3822199622B09E2500FCB8D5 /* Info.plist */,
				3822199722B09E2500FCB8D5 /* main.m */,
				3822199922B09E2500FCB8D5 /* Homepwner.entitlements */,
				3822199F22B09EAF00FCB8D5 /* Homepwner.pch */,
			);
			path = Homepwner;
			sourceTree = "<group>";
		};
		382219A022B09EFA00FCB8D5 /* common */ = {
			isa = PBXGroup;
			children = (
				382219A122B09EFA00FCB8D5 /* Categories */,
				382219AE22B09EFA00FCB8D5 /* Base */,
			);
			name = common;
			path = ../../common;
			sourceTree = "<group>";
		};
		382219A122B09EFA00FCB8D5 /* Categories */ = {
			isa = PBXGroup;
			children = (
				382219A222B09EFA00FCB8D5 /* UIViewController+Tools.m */,
				382219A322B09EFA00FCB8D5 /* NSArray+Tool.h */,
				382219A422B09EFA00FCB8D5 /* NSString+Tools.m */,
				382219A522B09EFA00FCB8D5 /* NSDictionary+Tool.h */,
				382219A622B09EFA00FCB8D5 /* UIView+Tools.h */,
				382219A722B09EFA00FCB8D5 /* UIColor+Tools.h */,
				382219A822B09EFA00FCB8D5 /* NSString+Tools.h */,
				382219A922B09EFA00FCB8D5 /* UIViewController+Tools.h */,
				382219AA22B09EFA00FCB8D5 /* NSArray+Tool.m */,
				382219AB22B09EFA00FCB8D5 /* NSDictionary+Tool.m */,
				382219AC22B09EFA00FCB8D5 /* UIView+Tools.m */,
				382219AD22B09EFA00FCB8D5 /* UIColor+Tools.m */,
			);
			path = Categories;
			sourceTree = "<group>";
		};
		382219AE22B09EFA00FCB8D5 /* Base */ = {
			isa = PBXGroup;
			children = (
				382219AF22B09EFA00FCB8D5 /* BaseButton.h */,
				382219B022B09EFA00FCB8D5 /* BaseViewController.m */,
				382219B122B09EFA00FCB8D5 /* BaseLabel.h */,
				382219B222B09EFA00FCB8D5 /* BaseButton.m */,
				382219B322B09EFA00FCB8D5 /* BaseViewController.h */,
				382219B422B09EFA00FCB8D5 /* BaseLabel.m */,
			);
			path = Base;
			sourceTree = "<group>";
		};
		382219BF22B09F7E00FCB8D5 /* Modules */ = {
			isa = PBXGroup;
			children = (
				382219C522B0A01F00FCB8D5 /* Model */,
				382219C422B0A01B00FCB8D5 /* Views */,
				382219C322B0A01000FCB8D5 /* Controller */,
			);
			path = Modules;
			sourceTree = "<group>";
		};
		382219C322B0A01000FCB8D5 /* Controller */ = {
			isa = PBXGroup;
			children = (
				382219C022B0A00100FCB8D5 /* BNRItemsViewController.h */,
				382219C122B0A00100FCB8D5 /* BNRItemsViewController.m */,
			);
			path = Controller;
			sourceTree = "<group>";
		};
		382219C422B0A01B00FCB8D5 /* Views */ = {
			isa = PBXGroup;
			children = (
			);
			path = Views;
			sourceTree = "<group>";
		};
		382219C522B0A01F00FCB8D5 /* Model */ = {
			isa = PBXGroup;
			children = (
				382219C622B0A15200FCB8D5 /* BNRItemStore.h */,
				382219C722B0A15200FCB8D5 /* BNRItemStore.m */,
				382219C922B0A15C00FCB8D5 /* BNRItem.h */,
				382219CA22B0A15C00FCB8D5 /* BNRItem.m */,
			);
			path = Model;
			sourceTree = "<group>";
		};
		F0835A5EDB3EE1F20D60EC9C /* Pods */ = {
			isa = PBXGroup;
			children = (
				8017D6E1A7239D2107BF06B9 /* Pods-Homepwner.debug.xcconfig */,
				81BE101FB5D65DD41A0AEDD3 /* Pods-Homepwner.release.xcconfig */,
			);
			name = Pods;
			path = ../Pods;
			sourceTree = "<group>";
		};
/* End PBXGroup section */

/* Begin PBXNativeTarget section */
		3822198722B09E2400FCB8D5 /* Homepwner */ = {
			isa = PBXNativeTarget;
			buildConfigurationList = 3822199C22B09E2500FCB8D5 /* Build configuration list for PBXNativeTarget "Homepwner" */;
			buildPhases = (
				A0896912981524B431673BF8 /* [CP] Check Pods Manifest.lock */,
				3822198422B09E2400FCB8D5 /* Sources */,
				3822198522B09E2400FCB8D5 /* Frameworks */,
				3822198622B09E2400FCB8D5 /* Resources */,
				51C14ADA8AEC849316FCF8E7 /* [CP] Copy Pods Resources */,
			);
			buildRules = (
			);
			dependencies = (
			);
			name = Homepwner;
			productName = Homepwner;
			productReference = 3822198822B09E2400FCB8D5 /* Homepwner.app */;
			productType = "com.apple.product-type.application";
		};
/* End PBXNativeTarget section */

/* Begin PBXProject section */
		3822198022B09E2300FCB8D5 /* Project object */ = {
			isa = PBXProject;
			attributes = {
				LastUpgradeCheck = 1020;
				ORGANIZATIONNAME = mozihen;
				TargetAttributes = {
					3822198722B09E2400FCB8D5 = {
						CreatedOnToolsVersion = 10.2;
					};
				};
			};
			buildConfigurationList = 3822198322B09E2300FCB8D5 /* Build configuration list for PBXProject "Homepwner" */;
			compatibilityVersion = "Xcode 9.3";
			developmentRegion = en;
			hasScannedForEncodings = 0;
			knownRegions = (
				en,
				Base,
			);
			mainGroup = 3822197F22B09E2300FCB8D5;
			productRefGroup = 3822198922B09E2400FCB8D5 /* Products */;
			projectDirPath = "";
			projectRoot = "";
			targets = (
				3822198722B09E2400FCB8D5 /* Homepwner */,
			);
		};
/* End PBXProject section */

/* Begin PBXResourcesBuildPhase section */
		3822198622B09E2400FCB8D5 /* Resources */ = {
			isa = PBXResourcesBuildPhase;
			buildActionMask = 2147483647;
			files = (
				3822199222B09E2500FCB8D5 /* Assets.xcassets in Resources */,
				3822199522B09E2500FCB8D5 /* Main.storyboard in Resources */,
			);
			runOnlyForDeploymentPostprocessing = 0;
		};
/* End PBXResourcesBuildPhase section */

/* Begin PBXShellScriptBuildPhase section */
		51C14ADA8AEC849316FCF8E7 /* [CP] Copy Pods Resources */ = {
			isa = PBXShellScriptBuildPhase;
			buildActionMask = 2147483647;
			files = (
			);
			inputFileListPaths = (
			);
			inputPaths = (
				"${PODS_ROOT}/Target Support Files/Pods-Homepwner/Pods-Homepwner-resources.sh",
				"${PODS_ROOT}/IQKeyboardManager/IQKeyboardManager/Resources/IQKeyboardManager.bundle",
			);
			name = "[CP] Copy Pods Resources";
			outputFileListPaths = (
			);
			outputPaths = (
				"${TARGET_BUILD_DIR}/${UNLOCALIZED_RESOURCES_FOLDER_PATH}/IQKeyboardManager.bundle",
			);
			runOnlyForDeploymentPostprocessing = 0;
			shellPath = /bin/sh;
			shellScript = "\"${PODS_ROOT}/Target Support Files/Pods-Homepwner/Pods-Homepwner-resources.sh\"\n";
			showEnvVarsInLog = 0;
		};
		A0896912981524B431673BF8 /* [CP] Check Pods Manifest.lock */ = {
			isa = PBXShellScriptBuildPhase;
			buildActionMask = 2147483647;
			files = (
			);
			inputFileListPaths = (
			);
			inputPaths = (
				"${PODS_PODFILE_DIR_PATH}/Podfile.lock",
				"${PODS_ROOT}/Manifest.lock",
			);
			name = "[CP] Check Pods Manifest.lock";
			outputFileListPaths = (
			);
			outputPaths = (
				"$(DERIVED_FILE_DIR)/Pods-Homepwner-checkManifestLockResult.txt",
			);
			runOnlyForDeploymentPostprocessing = 0;
			shellPath = /bin/sh;
			shellScript = "diff \"${PODS_PODFILE_DIR_PATH}/Podfile.lock\" \"${PODS_ROOT}/Manifest.lock\" > /dev/null\nif [ $? != 0 ] ; then\n    # print error to STDERR\n    echo \"error: The sandbox is not in sync with the Podfile.lock. Run 'pod install' or update your CocoaPods installation.\" >&2\n    exit 1\nfi\n# This output is used by Xcode 'outputs' to avoid re-running this script phase.\necho \"SUCCESS\" > \"${SCRIPT_OUTPUT_FILE_0}\"\n";
			showEnvVarsInLog = 0;
		};
/* End PBXShellScriptBuildPhase section */

/* Begin PBXSourcesBuildPhase section */
		3822198422B09E2400FCB8D5 /* Sources */ = {
			isa = PBXSourcesBuildPhase;
			buildActionMask = 2147483647;
			files = (
				382219B822B09EFA00FCB8D5 /* NSDictionary+Tool.m in Sources */,
				382219BB22B09EFA00FCB8D5 /* BaseViewController.m in Sources */,
				382219B722B09EFA00FCB8D5 /* NSArray+Tool.m in Sources */,
				382219C822B0A15200FCB8D5 /* BNRItemStore.m in Sources */,
				382219B522B09EFA00FCB8D5 /* UIViewController+Tools.m in Sources */,
				382219C222B0A00100FCB8D5 /* BNRItemsViewController.m in Sources */,
				3822199022B09E2400FCB8D5 /* ViewController.m in Sources */,
				382219CB22B0A15C00FCB8D5 /* BNRItem.m in Sources */,
				382219BC22B09EFA00FCB8D5 /* BaseButton.m in Sources */,
				382219B622B09EFA00FCB8D5 /* NSString+Tools.m in Sources */,
				382219BA22B09EFA00FCB8D5 /* UIColor+Tools.m in Sources */,
				3822199822B09E2500FCB8D5 /* main.m in Sources */,
				382219BD22B09EFA00FCB8D5 /* BaseLabel.m in Sources */,
				382219B922B09EFA00FCB8D5 /* UIView+Tools.m in Sources */,
				3822198D22B09E2400FCB8D5 /* AppDelegate.m in Sources */,
			);
			runOnlyForDeploymentPostprocessing = 0;
		};
/* End PBXSourcesBuildPhase section */

/* Begin PBXVariantGroup section */
		3822199322B09E2500FCB8D5 /* Main.storyboard */ = {
			isa = PBXVariantGroup;
			children = (
				3822199422B09E2500FCB8D5 /* Base */,
			);
			name = Main.storyboard;
			sourceTree = "<group>";
		};
/* End PBXVariantGroup section */

/* Begin XCBuildConfiguration section */
		3822199A22B09E2500FCB8D5 /* Debug */ = {
			isa = XCBuildConfiguration;
			buildSettings = {
				ALWAYS_SEARCH_USER_PATHS = NO;
				CLANG_ANALYZER_NONNULL = YES;
				CLANG_ANALYZER_NUMBER_OBJECT_CONVERSION = YES_AGGRESSIVE;
				CLANG_CXX_LANGUAGE_STANDARD = "gnu++14";
				CLANG_CXX_LIBRARY = "libc++";
				CLANG_ENABLE_MODULES = YES;
				CLANG_ENABLE_OBJC_ARC = YES;
				CLANG_ENABLE_OBJC_WEAK = YES;
				CLANG_WARN_BLOCK_CAPTURE_AUTORELEASING = YES;
				CLANG_WARN_BOOL_CONVERSION = YES;
				CLANG_WARN_COMMA = YES;
				CLANG_WARN_CONSTANT_CONVERSION = YES;
				CLANG_WARN_DEPRECATED_OBJC_IMPLEMENTATIONS = YES;
				CLANG_WARN_DIRECT_OBJC_ISA_USAGE = YES_ERROR;
				CLANG_WARN_DOCUMENTATION_COMMENTS = YES;
				CLANG_WARN_EMPTY_BODY = YES;
				CLANG_WARN_ENUM_CONVERSION = YES;
				CLANG_WARN_INFINITE_RECURSION = YES;
				CLANG_WARN_INT_CONVERSION = YES;
				CLANG_WARN_NON_LITERAL_NULL_CONVERSION = YES;
				CLANG_WARN_OBJC_IMPLICIT_RETAIN_SELF = YES;
				CLANG_WARN_OBJC_LITERAL_CONVERSION = YES;
				CLANG_WARN_OBJC_ROOT_CLASS = YES_ERROR;
				CLANG_WARN_RANGE_LOOP_ANALYSIS = YES;
				CLANG_WARN_STRICT_PROTOTYPES = YES;
				CLANG_WARN_SUSPICIOUS_MOVE = YES;
				CLANG_WARN_UNGUARDED_AVAILABILITY = YES_AGGRESSIVE;
				CLANG_WARN_UNREACHABLE_CODE = YES;
				CLANG_WARN__DUPLICATE_METHOD_MATCH = YES;
				CODE_SIGN_IDENTITY = "Mac Developer";
				COPY_PHASE_STRIP = NO;
				DEBUG_INFORMATION_FORMAT = dwarf;
				ENABLE_STRICT_OBJC_MSGSEND = YES;
				ENABLE_TESTABILITY = YES;
				GCC_C_LANGUAGE_STANDARD = gnu11;
				GCC_DYNAMIC_NO_PIC = NO;
				GCC_NO_COMMON_BLOCKS = YES;
				GCC_OPTIMIZATION_LEVEL = 0;
				GCC_PREPROCESSOR_DEFINITIONS = (
					"DEBUG=1",
					"$(inherited)",
				);
				GCC_WARN_64_TO_32_BIT_CONVERSION = YES;
				GCC_WARN_ABOUT_RETURN_TYPE = YES_ERROR;
				GCC_WARN_UNDECLARED_SELECTOR = YES;
				GCC_WARN_UNINITIALIZED_AUTOS = YES_AGGRESSIVE;
				GCC_WARN_UNUSED_FUNCTION = YES;
				GCC_WARN_UNUSED_VARIABLE = YES;
				MACOSX_DEPLOYMENT_TARGET = 10.14;
				MTL_ENABLE_DEBUG_INFO = INCLUDE_SOURCE;
				MTL_FAST_MATH = YES;
				ONLY_ACTIVE_ARCH = YES;
				SDKROOT = macosx;
			};
			name = Debug;
		};
		3822199B22B09E2500FCB8D5 /* Release */ = {
			isa = XCBuildConfiguration;
			buildSettings = {
				ALWAYS_SEARCH_USER_PATHS = NO;
				CLANG_ANALYZER_NONNULL = YES;
				CLANG_ANALYZER_NUMBER_OBJECT_CONVERSION = YES_AGGRESSIVE;
				CLANG_CXX_LANGUAGE_STANDARD = "gnu++14";
				CLANG_CXX_LIBRARY = "libc++";
				CLANG_ENABLE_MODULES = YES;
				CLANG_ENABLE_OBJC_ARC = YES;
				CLANG_ENABLE_OBJC_WEAK = YES;
				CLANG_WARN_BLOCK_CAPTURE_AUTORELEASING = YES;
				CLANG_WARN_BOOL_CONVERSION = YES;
				CLANG_WARN_COMMA = YES;
				CLANG_WARN_CONSTANT_CONVERSION = YES;
				CLANG_WARN_DEPRECATED_OBJC_IMPLEMENTATIONS = YES;
				CLANG_WARN_DIRECT_OBJC_ISA_USAGE = YES_ERROR;
				CLANG_WARN_DOCUMENTATION_COMMENTS = YES;
				CLANG_WARN_EMPTY_BODY = YES;
				CLANG_WARN_ENUM_CONVERSION = YES;
				CLANG_WARN_INFINITE_RECURSION = YES;
				CLANG_WARN_INT_CONVERSION = YES;
				CLANG_WARN_NON_LITERAL_NULL_CONVERSION = YES;
				CLANG_WARN_OBJC_IMPLICIT_RETAIN_SELF = YES;
				CLANG_WARN_OBJC_LITERAL_CONVERSION = YES;
				CLANG_WARN_OBJC_ROOT_CLASS = YES_ERROR;
				CLANG_WARN_RANGE_LOOP_ANALYSIS = YES;
				CLANG_WARN_STRICT_PROTOTYPES = YES;
				CLANG_WARN_SUSPICIOUS_MOVE = YES;
				CLANG_WARN_UNGUARDED_AVAILABILITY = YES_AGGRESSIVE;
				CLANG_WARN_UNREACHABLE_CODE = YES;
				CLANG_WARN__DUPLICATE_METHOD_MATCH = YES;
				CODE_SIGN_IDENTITY = "Mac Developer";
				COPY_PHASE_STRIP = NO;
				DEBUG_INFORMATION_FORMAT = "dwarf-with-dsym";
				ENABLE_NS_ASSERTIONS = NO;
				ENABLE_STRICT_OBJC_MSGSEND = YES;
				GCC_C_LANGUAGE_STANDARD = gnu11;
				GCC_NO_COMMON_BLOCKS = YES;
				GCC_WARN_64_TO_32_BIT_CONVERSION = YES;
				GCC_WARN_ABOUT_RETURN_TYPE = YES_ERROR;
				GCC_WARN_UNDECLARED_SELECTOR = YES;
				GCC_WARN_UNINITIALIZED_AUTOS = YES_AGGRESSIVE;
				GCC_WARN_UNUSED_FUNCTION = YES;
				GCC_WARN_UNUSED_VARIABLE = YES;
				MACOSX_DEPLOYMENT_TARGET = 10.14;
				MTL_ENABLE_DEBUG_INFO = NO;
				MTL_FAST_MATH = YES;
				SDKROOT = macosx;
			};
			name = Release;
		};
		3822199D22B09E2500FCB8D5 /* Debug */ = {
			isa = XCBuildConfiguration;
			baseConfigurationReference = 8017D6E1A7239D2107BF06B9 /* Pods-Homepwner.debug.xcconfig */;
			buildSettings = {
				ASSETCATALOG_COMPILER_APPICON_NAME = AppIcon;
				CODE_SIGN_ENTITLEMENTS = Homepwner/Homepwner.entitlements;
				CODE_SIGN_STYLE = Automatic;
				COMBINE_HIDPI_IMAGES = YES;
				DEVELOPMENT_TEAM = 9C9K388S8H;
				GCC_PREFIX_HEADER = "$(SRCROOT)/Homepwner/Homepwner.pch";
				INFOPLIST_FILE = Homepwner/Info.plist;
				LD_RUNPATH_SEARCH_PATHS = (
					"$(inherited)",
					"@executable_path/../Frameworks",
				);
				PRODUCT_BUNDLE_IDENTIFIER = com.mozihen.Homepwner;
				PRODUCT_NAME = "$(TARGET_NAME)";
			};
			name = Debug;
		};
		3822199E22B09E2500FCB8D5 /* Release */ = {
			isa = XCBuildConfiguration;
			baseConfigurationReference = 81BE101FB5D65DD41A0AEDD3 /* Pods-Homepwner.release.xcconfig */;
			buildSettings = {
				ASSETCATALOG_COMPILER_APPICON_NAME = AppIcon;
				CODE_SIGN_ENTITLEMENTS = Homepwner/Homepwner.entitlements;
				CODE_SIGN_STYLE = Automatic;
				COMBINE_HIDPI_IMAGES = YES;
				DEVELOPMENT_TEAM = 9C9K388S8H;
				GCC_PREFIX_HEADER = "$(SRCROOT)/Homepwner/Homepwner.pch";
				INFOPLIST_FILE = Homepwner/Info.plist;
				LD_RUNPATH_SEARCH_PATHS = (
					"$(inherited)",
					"@executable_path/../Frameworks",
				);
				PRODUCT_BUNDLE_IDENTIFIER = com.mozihen.Homepwner;
				PRODUCT_NAME = "$(TARGET_NAME)";
			};
			name = Release;
		};
/* End XCBuildConfiguration section */

/* Begin XCConfigurationList section */
		3822198322B09E2300FCB8D5 /* Build configuration list for PBXProject "Homepwner" */ = {
			isa = XCConfigurationList;
			buildConfigurations = (
				3822199A22B09E2500FCB8D5 /* Debug */,
				3822199B22B09E2500FCB8D5 /* Release */,
			);
			defaultConfigurationIsVisible = 0;
			defaultConfigurationName = Release;
		};
		3822199C22B09E2500FCB8D5 /* Build configuration list for PBXNativeTarget "Homepwner" */ = {
			isa = XCConfigurationList;
			buildConfigurations = (
				3822199D22B09E2500FCB8D5 /* Debug */,
				3822199E22B09E2500FCB8D5 /* Release */,
			);
			defaultConfigurationIsVisible = 0;
			defaultConfigurationName = Release;
		};
/* End XCConfigurationList section */
	};
	rootObject = 3822198022B09E2300FCB8D5 /* Project object */;
}
