// !$*UTF8*$!
{
	archiveVersion = 1;
	classes = {
	};
	objectVersion = 50;
	objects = {

/* Begin PBXBuildFile section */
		24BE58EFEF068CB3A1257BB5 /* libPods-NetAndThread.a in Frameworks */ = {isa = PBXBuildFile; fileRef = CA13E28A7867B3DFEE702F36 /* libPods-NetAndThread.a */; };
		3360F45322887055006E5B94 /* AppDelegate.m in Sources */ = {isa = PBXBuildFile; fileRef = 3360F45222887055006E5B94 /* AppDelegate.m */; };
		3360F45922887055006E5B94 /* Main.storyboard in Resources */ = {isa = PBXBuildFile; fileRef = 3360F45722887055006E5B94 /* Main.storyboard */; };
		3360F45B22887057006E5B94 /* Assets.xcassets in Resources */ = {isa = PBXBuildFile; fileRef = 3360F45A22887057006E5B94 /* Assets.xcassets */; };
		3360F45E22887057006E5B94 /* LaunchScreen.storyboard in Resources */ = {isa = PBXBuildFile; fileRef = 3360F45C22887057006E5B94 /* LaunchScreen.storyboard */; };
		3360F46122887057006E5B94 /* main.m in Sources */ = {isa = PBXBuildFile; fileRef = 3360F46022887057006E5B94 /* main.m */; };
		336D974922887A1B00CC23CD /* GCDViewController.m in Sources */ = {isa = PBXBuildFile; fileRef = 336D974822887A1B00CC23CD /* GCDViewController.m */; };
		336D974D2288811300CC23CD /* ThreadViewController.m in Sources */ = {isa = PBXBuildFile; fileRef = 336D974B2288811300CC23CD /* ThreadViewController.m */; };
		336D974E2288811300CC23CD /* ThreadViewController.xib in Resources */ = {isa = PBXBuildFile; fileRef = 336D974C2288811300CC23CD /* ThreadViewController.xib */; };
		339C1BDC228877590025A354 /* RootViewController.m in Sources */ = {isa = PBXBuildFile; fileRef = 339C1BDB228877590025A354 /* RootViewController.m */; };
		3876D5C5228A9CB600A6A3B3 /* BaseViewController.m in Sources */ = {isa = PBXBuildFile; fileRef = 3876D5B7228A9CB600A6A3B3 /* BaseViewController.m */; };
		3876D5C6228A9CB600A6A3B3 /* BaseButton.m in Sources */ = {isa = PBXBuildFile; fileRef = 3876D5B9228A9CB600A6A3B3 /* BaseButton.m */; };
		3876D5C7228A9CB600A6A3B3 /* BaseLabel.m in Sources */ = {isa = PBXBuildFile; fileRef = 3876D5BB228A9CB600A6A3B3 /* BaseLabel.m */; };
		3876D5C8228A9CB600A6A3B3 /* UIViewController+Tools.m in Sources */ = {isa = PBXBuildFile; fileRef = 3876D5BD228A9CB600A6A3B3 /* UIViewController+Tools.m */; };
		3876D5C9228A9CB600A6A3B3 /* NSArray+Tool.m in Sources */ = {isa = PBXBuildFile; fileRef = 3876D5C2228A9CB600A6A3B3 /* NSArray+Tool.m */; };
		3876D5CA228A9CB600A6A3B3 /* NSDictionary+Tool.m in Sources */ = {isa = PBXBuildFile; fileRef = 3876D5C3228A9CB600A6A3B3 /* NSDictionary+Tool.m */; };
		3876D5CB228A9CB600A6A3B3 /* UIColor+Tools.m in Sources */ = {isa = PBXBuildFile; fileRef = 3876D5C4228A9CB600A6A3B3 /* UIColor+Tools.m */; };
/* End PBXBuildFile section */

/* Begin PBXFileReference section */
		3360F44E22887055006E5B94 /* NetAndThread.app */ = {isa = PBXFileReference; explicitFileType = wrapper.application; includeInIndex = 0; path = NetAndThread.app; sourceTree = BUILT_PRODUCTS_DIR; };
		3360F45122887055006E5B94 /* AppDelegate.h */ = {isa = PBXFileReference; lastKnownFileType = sourcecode.c.h; path = AppDelegate.h; sourceTree = "<group>"; };
		3360F45222887055006E5B94 /* AppDelegate.m */ = {isa = PBXFileReference; lastKnownFileType = sourcecode.c.objc; path = AppDelegate.m; sourceTree = "<group>"; };
		3360F45822887055006E5B94 /* Base */ = {isa = PBXFileReference; lastKnownFileType = file.storyboard; name = Base; path = Base.lproj/Main.storyboard; sourceTree = "<group>"; };
		3360F45A22887057006E5B94 /* Assets.xcassets */ = {isa = PBXFileReference; lastKnownFileType = folder.assetcatalog; path = Assets.xcassets; sourceTree = "<group>"; };
		3360F45D22887057006E5B94 /* Base */ = {isa = PBXFileReference; lastKnownFileType = file.storyboard; name = Base; path = Base.lproj/LaunchScreen.storyboard; sourceTree = "<group>"; };
		3360F45F22887057006E5B94 /* Info.plist */ = {isa = PBXFileReference; lastKnownFileType = text.plist.xml; path = Info.plist; sourceTree = "<group>"; };
		3360F46022887057006E5B94 /* main.m */ = {isa = PBXFileReference; lastKnownFileType = sourcecode.c.objc; path = main.m; sourceTree = "<group>"; };
		336D974722887A1B00CC23CD /* GCDViewController.h */ = {isa = PBXFileReference; fileEncoding = 4; lastKnownFileType = sourcecode.c.h; path = GCDViewController.h; sourceTree = "<group>"; };
		336D974822887A1B00CC23CD /* GCDViewController.m */ = {isa = PBXFileReference; fileEncoding = 4; lastKnownFileType = sourcecode.c.objc; path = GCDViewController.m; sourceTree = "<group>"; };
		336D974A2288811300CC23CD /* ThreadViewController.h */ = {isa = PBXFileReference; lastKnownFileType = sourcecode.c.h; path = ThreadViewController.h; sourceTree = "<group>"; };
		336D974B2288811300CC23CD /* ThreadViewController.m */ = {isa = PBXFileReference; lastKnownFileType = sourcecode.c.objc; path = ThreadViewController.m; sourceTree = "<group>"; };
		336D974C2288811300CC23CD /* ThreadViewController.xib */ = {isa = PBXFileReference; lastKnownFileType = file.xib; path = ThreadViewController.xib; sourceTree = "<group>"; };
		339C1BC4228872D50025A354 /* NetAndThread.h */ = {isa = PBXFileReference; lastKnownFileType = sourcecode.c.h; path = NetAndThread.h; sourceTree = "<group>"; };
		339C1BDA228877590025A354 /* RootViewController.h */ = {isa = PBXFileReference; lastKnownFileType = sourcecode.c.h; path = RootViewController.h; sourceTree = "<group>"; };
		339C1BDB228877590025A354 /* RootViewController.m */ = {isa = PBXFileReference; lastKnownFileType = sourcecode.c.objc; path = RootViewController.m; sourceTree = "<group>"; };
		3876D5B6228A9CB600A6A3B3 /* BaseButton.h */ = {isa = PBXFileReference; fileEncoding = 4; lastKnownFileType = sourcecode.c.h; path = BaseButton.h; sourceTree = "<group>"; };
		3876D5B7228A9CB600A6A3B3 /* BaseViewController.m */ = {isa = PBXFileReference; fileEncoding = 4; lastKnownFileType = sourcecode.c.objc; path = BaseViewController.m; sourceTree = "<group>"; };
		3876D5B8228A9CB600A6A3B3 /* BaseLabel.h */ = {isa = PBXFileReference; fileEncoding = 4; lastKnownFileType = sourcecode.c.h; path = BaseLabel.h; sourceTree = "<group>"; };
		3876D5B9228A9CB600A6A3B3 /* BaseButton.m */ = {isa = PBXFileReference; fileEncoding = 4; lastKnownFileType = sourcecode.c.objc; path = BaseButton.m; sourceTree = "<group>"; };
		3876D5BA228A9CB600A6A3B3 /* BaseViewController.h */ = {isa = PBXFileReference; fileEncoding = 4; lastKnownFileType = sourcecode.c.h; path = BaseViewController.h; sourceTree = "<group>"; };
		3876D5BB228A9CB600A6A3B3 /* BaseLabel.m */ = {isa = PBXFileReference; fileEncoding = 4; lastKnownFileType = sourcecode.c.objc; path = BaseLabel.m; sourceTree = "<group>"; };
		3876D5BD228A9CB600A6A3B3 /* UIViewController+Tools.m */ = {isa = PBXFileReference; fileEncoding = 4; lastKnownFileType = sourcecode.c.objc; path = "UIViewController+Tools.m"; sourceTree = "<group>"; };
		3876D5BE228A9CB600A6A3B3 /* NSArray+Tool.h */ = {isa = PBXFileReference; fileEncoding = 4; lastKnownFileType = sourcecode.c.h; path = "NSArray+Tool.h"; sourceTree = "<group>"; };
		3876D5BF228A9CB600A6A3B3 /* NSDictionary+Tool.h */ = {isa = PBXFileReference; fileEncoding = 4; lastKnownFileType = sourcecode.c.h; path = "NSDictionary+Tool.h"; sourceTree = "<group>"; };
		3876D5C0228A9CB600A6A3B3 /* UIColor+Tools.h */ = {isa = PBXFileReference; fileEncoding = 4; lastKnownFileType = sourcecode.c.h; path = "UIColor+Tools.h"; sourceTree = "<group>"; };
		3876D5C1228A9CB600A6A3B3 /* UIViewController+Tools.h */ = {isa = PBXFileReference; fileEncoding = 4; lastKnownFileType = sourcecode.c.h; path = "UIViewController+Tools.h"; sourceTree = "<group>"; };
		3876D5C2228A9CB600A6A3B3 /* NSArray+Tool.m */ = {isa = PBXFileReference; fileEncoding = 4; lastKnownFileType = sourcecode.c.objc; path = "NSArray+Tool.m"; sourceTree = "<group>"; };
		3876D5C3228A9CB600A6A3B3 /* NSDictionary+Tool.m */ = {isa = PBXFileReference; fileEncoding = 4; lastKnownFileType = sourcecode.c.objc; path = "NSDictionary+Tool.m"; sourceTree = "<group>"; };
		3876D5C4228A9CB600A6A3B3 /* UIColor+Tools.m */ = {isa = PBXFileReference; fileEncoding = 4; lastKnownFileType = sourcecode.c.objc; path = "UIColor+Tools.m"; sourceTree = "<group>"; };
		637C9458B54585157D3A0F7C /* Pods-NetAndThread.release.xcconfig */ = {isa = PBXFileReference; includeInIndex = 1; lastKnownFileType = text.xcconfig; name = "Pods-NetAndThread.release.xcconfig"; path = "Target Support Files/Pods-NetAndThread/Pods-NetAndThread.release.xcconfig"; sourceTree = "<group>"; };
		AC387B65F8B9C2E81B4D08D4 /* Pods-NetAndThread.debug.xcconfig */ = {isa = PBXFileReference; includeInIndex = 1; lastKnownFileType = text.xcconfig; name = "Pods-NetAndThread.debug.xcconfig"; path = "Target Support Files/Pods-NetAndThread/Pods-NetAndThread.debug.xcconfig"; sourceTree = "<group>"; };
		CA13E28A7867B3DFEE702F36 /* libPods-NetAndThread.a */ = {isa = PBXFileReference; explicitFileType = archive.ar; includeInIndex = 0; path = "libPods-NetAndThread.a"; sourceTree = BUILT_PRODUCTS_DIR; };
/* End PBXFileReference section */

/* Begin PBXFrameworksBuildPhase section */
		3360F44B22887055006E5B94 /* Frameworks */ = {
			isa = PBXFrameworksBuildPhase;
			buildActionMask = 2147483647;
			files = (
				24BE58EFEF068CB3A1257BB5 /* libPods-NetAndThread.a in Frameworks */,
			);
			runOnlyForDeploymentPostprocessing = 0;
		};
/* End PBXFrameworksBuildPhase section */

/* Begin PBXGroup section */
		3360F44522887055006E5B94 = {
			isa = PBXGroup;
			children = (
				3360F45022887055006E5B94 /* NetAndThread */,
				3360F44F22887055006E5B94 /* Products */,
				DE735297313037131EB65A0D /* Pods */,
				BC8DAB98F1E9AC1B3CAE976A /* Frameworks */,
			);
			sourceTree = "<group>";
		};
		3360F44F22887055006E5B94 /* Products */ = {
			isa = PBXGroup;
			children = (
				3360F44E22887055006E5B94 /* NetAndThread.app */,
			);
			name = Products;
			sourceTree = "<group>";
		};
		3360F45022887055006E5B94 /* NetAndThread */ = {
			isa = PBXGroup;
			children = (
				3876D5B5228A9CB600A6A3B3 /* Base */,
				3876D5BC228A9CB600A6A3B3 /* Categories */,
				339C1BCC228873950025A354 /* Models */,
				3360F45122887055006E5B94 /* AppDelegate.h */,
				3360F45222887055006E5B94 /* AppDelegate.m */,
				339C1BDA228877590025A354 /* RootViewController.h */,
				339C1BDB228877590025A354 /* RootViewController.m */,
				3360F45722887055006E5B94 /* Main.storyboard */,
				3360F45A22887057006E5B94 /* Assets.xcassets */,
				3360F45C22887057006E5B94 /* LaunchScreen.storyboard */,
				3360F45F22887057006E5B94 /* Info.plist */,
				3360F46022887057006E5B94 /* main.m */,
				339C1BC4228872D50025A354 /* NetAndThread.h */,
			);
			path = NetAndThread;
			sourceTree = "<group>";
		};
		339C1BCC228873950025A354 /* Models */ = {
			isa = PBXGroup;
			children = (
				336D974722887A1B00CC23CD /* GCDViewController.h */,
				336D974822887A1B00CC23CD /* GCDViewController.m */,
				336D974A2288811300CC23CD /* ThreadViewController.h */,
				336D974B2288811300CC23CD /* ThreadViewController.m */,
				336D974C2288811300CC23CD /* ThreadViewController.xib */,
			);
			path = Models;
			sourceTree = "<group>";
		};
		3876D5B5228A9CB600A6A3B3 /* Base */ = {
			isa = PBXGroup;
			children = (
				3876D5B6228A9CB600A6A3B3 /* BaseButton.h */,
				3876D5B7228A9CB600A6A3B3 /* BaseViewController.m */,
				3876D5B8228A9CB600A6A3B3 /* BaseLabel.h */,
				3876D5B9228A9CB600A6A3B3 /* BaseButton.m */,
				3876D5BA228A9CB600A6A3B3 /* BaseViewController.h */,
				3876D5BB228A9CB600A6A3B3 /* BaseLabel.m */,
			);
			name = Base;
			path = ../../common/Base;
			sourceTree = "<group>";
		};
		3876D5BC228A9CB600A6A3B3 /* Categories */ = {
			isa = PBXGroup;
			children = (
				3876D5BD228A9CB600A6A3B3 /* UIViewController+Tools.m */,
				3876D5BE228A9CB600A6A3B3 /* NSArray+Tool.h */,
				3876D5BF228A9CB600A6A3B3 /* NSDictionary+Tool.h */,
				3876D5C0228A9CB600A6A3B3 /* UIColor+Tools.h */,
				3876D5C1228A9CB600A6A3B3 /* UIViewController+Tools.h */,
				3876D5C2228A9CB600A6A3B3 /* NSArray+Tool.m */,
				3876D5C3228A9CB600A6A3B3 /* NSDictionary+Tool.m */,
				3876D5C4228A9CB600A6A3B3 /* UIColor+Tools.m */,
			);
			name = Categories;
			path = ../../common/Categories;
			sourceTree = "<group>";
		};
		BC8DAB98F1E9AC1B3CAE976A /* Frameworks */ = {
			isa = PBXGroup;
			children = (
				CA13E28A7867B3DFEE702F36 /* libPods-NetAndThread.a */,
			);
			name = Frameworks;
			sourceTree = "<group>";
		};
		DE735297313037131EB65A0D /* Pods */ = {
			isa = PBXGroup;
			children = (
				AC387B65F8B9C2E81B4D08D4 /* Pods-NetAndThread.debug.xcconfig */,
				637C9458B54585157D3A0F7C /* Pods-NetAndThread.release.xcconfig */,
			);
			name = Pods;
			path = ../Pods;
			sourceTree = "<group>";
		};
/* End PBXGroup section */

/* Begin PBXNativeTarget section */
		3360F44D22887055006E5B94 /* NetAndThread */ = {
			isa = PBXNativeTarget;
			buildConfigurationList = 3360F46422887057006E5B94 /* Build configuration list for PBXNativeTarget "NetAndThread" */;
			buildPhases = (
				3D35FD8E14BAB9590334CE79 /* [CP] Check Pods Manifest.lock */,
				3360F44A22887055006E5B94 /* Sources */,
				3360F44B22887055006E5B94 /* Frameworks */,
				3360F44C22887055006E5B94 /* Resources */,
				CD56E079EDE994A30820B815 /* [CP] Copy Pods Resources */,
			);
			buildRules = (
			);
			dependencies = (
			);
			name = NetAndThread;
			productName = NetAndThread;
			productReference = 3360F44E22887055006E5B94 /* NetAndThread.app */;
			productType = "com.apple.product-type.application";
		};
/* End PBXNativeTarget section */

/* Begin PBXProject section */
		3360F44622887055006E5B94 /* Project object */ = {
			isa = PBXProject;
			attributes = {
				LastUpgradeCheck = 1020;
				ORGANIZATIONNAME = mozihen;
				TargetAttributes = {
					3360F44D22887055006E5B94 = {
						CreatedOnToolsVersion = 10.2.1;
					};
				};
			};
			buildConfigurationList = 3360F44922887055006E5B94 /* Build configuration list for PBXProject "NetAndThread" */;
			compatibilityVersion = "Xcode 9.3";
			developmentRegion = en;
			hasScannedForEncodings = 0;
			knownRegions = (
				en,
				Base,
			);
			mainGroup = 3360F44522887055006E5B94;
			productRefGroup = 3360F44F22887055006E5B94 /* Products */;
			projectDirPath = "";
			projectRoot = "";
			targets = (
				3360F44D22887055006E5B94 /* NetAndThread */,
			);
		};
/* End PBXProject section */

/* Begin PBXResourcesBuildPhase section */
		3360F44C22887055006E5B94 /* Resources */ = {
			isa = PBXResourcesBuildPhase;
			buildActionMask = 2147483647;
			files = (
				336D974E2288811300CC23CD /* ThreadViewController.xib in Resources */,
				3360F45E22887057006E5B94 /* LaunchScreen.storyboard in Resources */,
				3360F45B22887057006E5B94 /* Assets.xcassets in Resources */,
				3360F45922887055006E5B94 /* Main.storyboard in Resources */,
			);
			runOnlyForDeploymentPostprocessing = 0;
		};
/* End PBXResourcesBuildPhase section */

/* Begin PBXShellScriptBuildPhase section */
		3D35FD8E14BAB9590334CE79 /* [CP] Check Pods Manifest.lock */ = {
			isa = PBXShellScriptBuildPhase;
			buildActionMask = 2147483647;
			files = (
			);
			inputFileListPaths = (
			);
			inputPaths = (
				"${PODS_PODFILE_DIR_PATH}/Podfile.lock",
				"${PODS_ROOT}/Manifest.lock",
			);
			name = "[CP] Check Pods Manifest.lock";
			outputFileListPaths = (
			);
			outputPaths = (
				"$(DERIVED_FILE_DIR)/Pods-NetAndThread-checkManifestLockResult.txt",
			);
			runOnlyForDeploymentPostprocessing = 0;
			shellPath = /bin/sh;
			shellScript = "diff \"${PODS_PODFILE_DIR_PATH}/Podfile.lock\" \"${PODS_ROOT}/Manifest.lock\" > /dev/null\nif [ $? != 0 ] ; then\n    # print error to STDERR\n    echo \"error: The sandbox is not in sync with the Podfile.lock. Run 'pod install' or update your CocoaPods installation.\" >&2\n    exit 1\nfi\n# This output is used by Xcode 'outputs' to avoid re-running this script phase.\necho \"SUCCESS\" > \"${SCRIPT_OUTPUT_FILE_0}\"\n";
			showEnvVarsInLog = 0;
		};
		CD56E079EDE994A30820B815 /* [CP] Copy Pods Resources */ = {
			isa = PBXShellScriptBuildPhase;
			buildActionMask = 2147483647;
			files = (
			);
			inputFileListPaths = (
			);
			inputPaths = (
				"${PODS_ROOT}/Target Support Files/Pods-NetAndThread/Pods-NetAndThread-resources.sh",
				"${PODS_ROOT}/IQKeyboardManager/IQKeyboardManager/Resources/IQKeyboardManager.bundle",
			);
			name = "[CP] Copy Pods Resources";
			outputFileListPaths = (
			);
			outputPaths = (
				"${TARGET_BUILD_DIR}/${UNLOCALIZED_RESOURCES_FOLDER_PATH}/IQKeyboardManager.bundle",
			);
			runOnlyForDeploymentPostprocessing = 0;
			shellPath = /bin/sh;
			shellScript = "\"${PODS_ROOT}/Target Support Files/Pods-NetAndThread/Pods-NetAndThread-resources.sh\"\n";
			showEnvVarsInLog = 0;
		};
/* End PBXShellScriptBuildPhase section */

/* Begin PBXSourcesBuildPhase section */
		3360F44A22887055006E5B94 /* Sources */ = {
			isa = PBXSourcesBuildPhase;
			buildActionMask = 2147483647;
			files = (
				336D974D2288811300CC23CD /* ThreadViewController.m in Sources */,
				3876D5C7228A9CB600A6A3B3 /* BaseLabel.m in Sources */,
				3876D5C8228A9CB600A6A3B3 /* UIViewController+Tools.m in Sources */,
				3876D5C5228A9CB600A6A3B3 /* BaseViewController.m in Sources */,
				339C1BDC228877590025A354 /* RootViewController.m in Sources */,
				336D974922887A1B00CC23CD /* GCDViewController.m in Sources */,
				3876D5C9228A9CB600A6A3B3 /* NSArray+Tool.m in Sources */,
				3360F46122887057006E5B94 /* main.m in Sources */,
				3360F45322887055006E5B94 /* AppDelegate.m in Sources */,
				3876D5CA228A9CB600A6A3B3 /* NSDictionary+Tool.m in Sources */,
				3876D5C6228A9CB600A6A3B3 /* BaseButton.m in Sources */,
				3876D5CB228A9CB600A6A3B3 /* UIColor+Tools.m in Sources */,
			);
			runOnlyForDeploymentPostprocessing = 0;
		};
/* End PBXSourcesBuildPhase section */

/* Begin PBXVariantGroup section */
		3360F45722887055006E5B94 /* Main.storyboard */ = {
			isa = PBXVariantGroup;
			children = (
				3360F45822887055006E5B94 /* Base */,
			);
			name = Main.storyboard;
			sourceTree = "<group>";
		};
		3360F45C22887057006E5B94 /* LaunchScreen.storyboard */ = {
			isa = PBXVariantGroup;
			children = (
				3360F45D22887057006E5B94 /* Base */,
			);
			name = LaunchScreen.storyboard;
			sourceTree = "<group>";
		};
/* End PBXVariantGroup section */

/* Begin XCBuildConfiguration section */
		3360F46222887057006E5B94 /* Debug */ = {
			isa = XCBuildConfiguration;
			buildSettings = {
				ALWAYS_SEARCH_USER_PATHS = NO;
				CLANG_ANALYZER_NONNULL = YES;
				CLANG_ANALYZER_NUMBER_OBJECT_CONVERSION = YES_AGGRESSIVE;
				CLANG_CXX_LANGUAGE_STANDARD = "gnu++14";
				CLANG_CXX_LIBRARY = "libc++";
				CLANG_ENABLE_MODULES = YES;
				CLANG_ENABLE_OBJC_ARC = YES;
				CLANG_ENABLE_OBJC_WEAK = YES;
				CLANG_WARN_BLOCK_CAPTURE_AUTORELEASING = YES;
				CLANG_WARN_BOOL_CONVERSION = YES;
				CLANG_WARN_COMMA = YES;
				CLANG_WARN_CONSTANT_CONVERSION = YES;
				CLANG_WARN_DEPRECATED_OBJC_IMPLEMENTATIONS = YES;
				CLANG_WARN_DIRECT_OBJC_ISA_USAGE = YES_ERROR;
				CLANG_WARN_DOCUMENTATION_COMMENTS = YES;
				CLANG_WARN_EMPTY_BODY = YES;
				CLANG_WARN_ENUM_CONVERSION = YES;
				CLANG_WARN_INFINITE_RECURSION = YES;
				CLANG_WARN_INT_CONVERSION = YES;
				CLANG_WARN_NON_LITERAL_NULL_CONVERSION = YES;
				CLANG_WARN_OBJC_IMPLICIT_RETAIN_SELF = YES;
				CLANG_WARN_OBJC_LITERAL_CONVERSION = YES;
				CLANG_WARN_OBJC_ROOT_CLASS = YES_ERROR;
				CLANG_WARN_RANGE_LOOP_ANALYSIS = YES;
				CLANG_WARN_STRICT_PROTOTYPES = YES;
				CLANG_WARN_SUSPICIOUS_MOVE = YES;
				CLANG_WARN_UNGUARDED_AVAILABILITY = YES_AGGRESSIVE;
				CLANG_WARN_UNREACHABLE_CODE = YES;
				CLANG_WARN__DUPLICATE_METHOD_MATCH = YES;
				CODE_SIGN_IDENTITY = "iPhone Developer";
				COPY_PHASE_STRIP = NO;
				DEBUG_INFORMATION_FORMAT = dwarf;
				ENABLE_STRICT_OBJC_MSGSEND = YES;
				ENABLE_TESTABILITY = YES;
				GCC_C_LANGUAGE_STANDARD = gnu11;
				GCC_DYNAMIC_NO_PIC = NO;
				GCC_NO_COMMON_BLOCKS = YES;
				GCC_OPTIMIZATION_LEVEL = 0;
				GCC_PREPROCESSOR_DEFINITIONS = (
					"DEBUG=1",
					"$(inherited)",
				);
				GCC_WARN_64_TO_32_BIT_CONVERSION = YES;
				GCC_WARN_ABOUT_RETURN_TYPE = YES_ERROR;
				GCC_WARN_UNDECLARED_SELECTOR = YES;
				GCC_WARN_UNINITIALIZED_AUTOS = YES_AGGRESSIVE;
				GCC_WARN_UNUSED_FUNCTION = YES;
				GCC_WARN_UNUSED_VARIABLE = YES;
				IPHONEOS_DEPLOYMENT_TARGET = 12.2;
				MTL_ENABLE_DEBUG_INFO = INCLUDE_SOURCE;
				MTL_FAST_MATH = YES;
				ONLY_ACTIVE_ARCH = YES;
				SDKROOT = iphoneos;
			};
			name = Debug;
		};
		3360F46322887057006E5B94 /* Release */ = {
			isa = XCBuildConfiguration;
			buildSettings = {
				ALWAYS_SEARCH_USER_PATHS = NO;
				CLANG_ANALYZER_NONNULL = YES;
				CLANG_ANALYZER_NUMBER_OBJECT_CONVERSION = YES_AGGRESSIVE;
				CLANG_CXX_LANGUAGE_STANDARD = "gnu++14";
				CLANG_CXX_LIBRARY = "libc++";
				CLANG_ENABLE_MODULES = YES;
				CLANG_ENABLE_OBJC_ARC = YES;
				CLANG_ENABLE_OBJC_WEAK = YES;
				CLANG_WARN_BLOCK_CAPTURE_AUTORELEASING = YES;
				CLANG_WARN_BOOL_CONVERSION = YES;
				CLANG_WARN_COMMA = YES;
				CLANG_WARN_CONSTANT_CONVERSION = YES;
				CLANG_WARN_DEPRECATED_OBJC_IMPLEMENTATIONS = YES;
				CLANG_WARN_DIRECT_OBJC_ISA_USAGE = YES_ERROR;
				CLANG_WARN_DOCUMENTATION_COMMENTS = YES;
				CLANG_WARN_EMPTY_BODY = YES;
				CLANG_WARN_ENUM_CONVERSION = YES;
				CLANG_WARN_INFINITE_RECURSION = YES;
				CLANG_WARN_INT_CONVERSION = YES;
				CLANG_WARN_NON_LITERAL_NULL_CONVERSION = YES;
				CLANG_WARN_OBJC_IMPLICIT_RETAIN_SELF = YES;
				CLANG_WARN_OBJC_LITERAL_CONVERSION = YES;
				CLANG_WARN_OBJC_ROOT_CLASS = YES_ERROR;
				CLANG_WARN_RANGE_LOOP_ANALYSIS = YES;
				CLANG_WARN_STRICT_PROTOTYPES = YES;
				CLANG_WARN_SUSPICIOUS_MOVE = YES;
				CLANG_WARN_UNGUARDED_AVAILABILITY = YES_AGGRESSIVE;
				CLANG_WARN_UNREACHABLE_CODE = YES;
				CLANG_WARN__DUPLICATE_METHOD_MATCH = YES;
				CODE_SIGN_IDENTITY = "iPhone Developer";
				COPY_PHASE_STRIP = NO;
				DEBUG_INFORMATION_FORMAT = "dwarf-with-dsym";
				ENABLE_NS_ASSERTIONS = NO;
				ENABLE_STRICT_OBJC_MSGSEND = YES;
				GCC_C_LANGUAGE_STANDARD = gnu11;
				GCC_NO_COMMON_BLOCKS = YES;
				GCC_WARN_64_TO_32_BIT_CONVERSION = YES;
				GCC_WARN_ABOUT_RETURN_TYPE = YES_ERROR;
				GCC_WARN_UNDECLARED_SELECTOR = YES;
				GCC_WARN_UNINITIALIZED_AUTOS = YES_AGGRESSIVE;
				GCC_WARN_UNUSED_FUNCTION = YES;
				GCC_WARN_UNUSED_VARIABLE = YES;
				IPHONEOS_DEPLOYMENT_TARGET = 12.2;
				MTL_ENABLE_DEBUG_INFO = NO;
				MTL_FAST_MATH = YES;
				SDKROOT = iphoneos;
				VALIDATE_PRODUCT = YES;
			};
			name = Release;
		};
		3360F46522887057006E5B94 /* Debug */ = {
			isa = XCBuildConfiguration;
			baseConfigurationReference = AC387B65F8B9C2E81B4D08D4 /* Pods-NetAndThread.debug.xcconfig */;
			buildSettings = {
				ASSETCATALOG_COMPILER_APPICON_NAME = AppIcon;
				CODE_SIGN_STYLE = Automatic;
				DEVELOPMENT_TEAM = 9C9K388S8H;
				GCC_PREFIX_HEADER = "$(SRCROOT)/NetAndThread/NetAndThread.h";
				INFOPLIST_FILE = NetAndThread/Info.plist;
				LD_RUNPATH_SEARCH_PATHS = (
					"$(inherited)",
					"@executable_path/Frameworks",
				);
				PRODUCT_BUNDLE_IDENTIFIER = com.bonuston.NetAndThread;
				PRODUCT_NAME = "$(TARGET_NAME)";
				TARGETED_DEVICE_FAMILY = "1,2";
			};
			name = Debug;
		};
		3360F46622887057006E5B94 /* Release */ = {
			isa = XCBuildConfiguration;
			baseConfigurationReference = 637C9458B54585157D3A0F7C /* Pods-NetAndThread.release.xcconfig */;
			buildSettings = {
				ASSETCATALOG_COMPILER_APPICON_NAME = AppIcon;
				CODE_SIGN_STYLE = Automatic;
				DEVELOPMENT_TEAM = 9C9K388S8H;
				GCC_PREFIX_HEADER = "$(SRCROOT)/NetAndThread/NetAndThread.h";
				INFOPLIST_FILE = NetAndThread/Info.plist;
				LD_RUNPATH_SEARCH_PATHS = (
					"$(inherited)",
					"@executable_path/Frameworks",
				);
				PRODUCT_BUNDLE_IDENTIFIER = com.bonuston.NetAndThread;
				PRODUCT_NAME = "$(TARGET_NAME)";
				TARGETED_DEVICE_FAMILY = "1,2";
			};
			name = Release;
		};
/* End XCBuildConfiguration section */

/* Begin XCConfigurationList section */
		3360F44922887055006E5B94 /* Build configuration list for PBXProject "NetAndThread" */ = {
			isa = XCConfigurationList;
			buildConfigurations = (
				3360F46222887057006E5B94 /* Debug */,
				3360F46322887057006E5B94 /* Release */,
			);
			defaultConfigurationIsVisible = 0;
			defaultConfigurationName = Release;
		};
		3360F46422887057006E5B94 /* Build configuration list for PBXNativeTarget "NetAndThread" */ = {
			isa = XCConfigurationList;
			buildConfigurations = (
				3360F46522887057006E5B94 /* Debug */,
				3360F46622887057006E5B94 /* Release */,
			);
			defaultConfigurationIsVisible = 0;
			defaultConfigurationName = Release;
		};
/* End XCConfigurationList section */
	};
	rootObject = 3360F44622887055006E5B94 /* Project object */;
}
